PODS:
  - Firebase/AdMob (4.13.0):
    - Firebase/Core
    - Google-Mobile-Ads-SDK (= 7.30.0)
  - Firebase/Core (4.13.0):
    - FirebaseAnalytics (= 4.2.0)
    - FirebaseCore (= 4.0.20)
  - FirebaseAnalytics (4.2.0):
    - FirebaseCore (~> 4.0)
    - FirebaseInstanceID (~> 2.0)
    - GoogleToolboxForMac/NSData+zlib (~> 2.1)
    - nanopb (~> 0.3)
  - FirebaseCore (4.0.20):
    - GoogleToolboxForMac/NSData+zlib (~> 2.1)
  - FirebaseInstanceID (2.0.10):
    - FirebaseCore (~> 4.0)
  - Google-Mobile-Ads-SDK (7.30.0)
  - GoogleToolboxForMac/Defines (2.1.4)
  - GoogleToolboxForMac/NSData+zlib (2.1.4):
    - GoogleToolboxForMac/Defines (= 2.1.4)
  - MBProgressHUD (1.1.0)
  - MNetAdSdk (1.12.7)
  - mopub-ios-sdk (4.12.0):
    - mopub-ios-sdk/MoPubSDK (= 4.12.0)
  - mopub-ios-sdk/MoPubSDK (4.12.0)
  - nanopb (0.3.8):
    - nanopb/decode (= 0.3.8)
    - nanopb/encode (= 0.3.8)
  - nanopb/decode (0.3.8)
  - nanopb/encode (0.3.8)
  - Nocilla (0.11.0)
  - Toast (3.1.0)

DEPENDENCIES:
  - Firebase/AdMob
  - Firebase/Core
  - Google-Mobile-Ads-SDK (~> 7.25)
  - MBProgressHUD
  - MNetAdSdk (from `../MNetAdSdk.podspec.json`)
  - mopub-ios-sdk (~> 4.12.0)
  - Nocilla
  - Toast (~> 3.1.0)

EXTERNAL SOURCES:
  MNetAdSdk:
    :path: ../MNetAdSdk.podspec.json

SPEC CHECKSUMS:
  Firebase: 5ec5e863d269d82d66b4bf56856726f8fb8f0fb3
  FirebaseAnalytics: 7ef69e76a5142f643aeb47c780e1cdce4e23632e
  FirebaseCore: 90cb1c53d69b556f112a1bf72b5fcfaad7650790
  FirebaseInstanceID: 8d20d890d65c917f9f7d9950b6e10a760ad34321
  Google-Mobile-Ads-SDK: 7404f68120ae8682afeb5af001fbf4aad731c78e
  GoogleToolboxForMac: 91c824d21e85b31c2aae9bb011c5027c9b4e738f
  MBProgressHUD: e7baa36a220447d8aeb12769bf0585582f3866d9
  MNetAdSdk: 3a0bece8455a9bbef6d8d88672477d8d8004d2c8
  mopub-ios-sdk: f1223e3f54a4ff68394f4fd9e42651801cf09704
  nanopb: 5601e6bca2dbf1ed831b519092ec110f66982ca3
  Nocilla: 7af7a386071150cc8aa5da4da97d060f049dd61c
  Toast: 14a93686d6c8bfe2727afd342414e35660a8a1f3

PODFILE CHECKSUM: 1e0a57bdc672f84e35910766c0acc5a825686215

COCOAPODS: 1.3.1
