// !$*UTF8*$!
{
	archiveVersion = 1;
	classes = {
	};
	objectVersion = 46;
	objects = {

/* Begin PBXBuildFile section */
		07623808726413915A2E6AF7 /* Pods_MNAdSdk_Example.framework in Frameworks */ = {isa = PBXBuildFile; fileRef = E1B78D3F7E744283061DA145 /* Pods_MNAdSdk_Example.framework */; };
		1088C576D389AC8BE3B950CF /* Pods_MNAdSdk_Tests.framework in Frameworks */ = {isa = PBXBuildFile; fileRef = 1598FA95424A2997D8A3BB8D /* Pods_MNAdSdk_Tests.framework */; };
		6003F58E195388D20070C39A /* Foundation.framework in Frameworks */ = {isa = PBXBuildFile; fileRef = 6003F58D195388D20070C39A /* Foundation.framework */; };
		6003F590195388D20070C39A /* CoreGraphics.framework in Frameworks */ = {isa = PBXBuildFile; fileRef = 6003F58F195388D20070C39A /* CoreGraphics.framework */; };
		6003F592195388D20070C39A /* UIKit.framework in Frameworks */ = {isa = PBXBuildFile; fileRef = 6003F591195388D20070C39A /* UIKit.framework */; };
		6003F598195388D20070C39A /* InfoPlist.strings in Resources */ = {isa = PBXBuildFile; fileRef = 6003F596195388D20070C39A /* InfoPlist.strings */; };
		6003F59A195388D20070C39A /* main.m in Sources */ = {isa = PBXBuildFile; fileRef = 6003F599195388D20070C39A /* main.m */; };
		6003F59E195388D20070C39A /* MNAppDelegate.m in Sources */ = {isa = PBXBuildFile; fileRef = 6003F59D195388D20070C39A /* MNAppDelegate.m */; };
		6003F5A7195388D20070C39A /* MNViewController.m in Sources */ = {isa = PBXBuildFile; fileRef = 6003F5A6195388D20070C39A /* MNViewController.m */; };
		6003F5A9195388D20070C39A /* Images.xcassets in Resources */ = {isa = PBXBuildFile; fileRef = 6003F5A8195388D20070C39A /* Images.xcassets */; };
		6003F5B0195388D20070C39A /* XCTest.framework in Frameworks */ = {isa = PBXBuildFile; fileRef = 6003F5AF195388D20070C39A /* XCTest.framework */; };
		6003F5B1195388D20070C39A /* Foundation.framework in Frameworks */ = {isa = PBXBuildFile; fileRef = 6003F58D195388D20070C39A /* Foundation.framework */; };
		6003F5B2195388D20070C39A /* UIKit.framework in Frameworks */ = {isa = PBXBuildFile; fileRef = 6003F591195388D20070C39A /* UIKit.framework */; };
		6003F5BA195388D20070C39A /* InfoPlist.strings in Resources */ = {isa = PBXBuildFile; fileRef = 6003F5B8195388D20070C39A /* InfoPlist.strings */; };
		71719F9F1E33DC2100824A3D /* LaunchScreen.storyboard in Resources */ = {isa = PBXBuildFile; fileRef = 71719F9D1E33DC2100824A3D /* LaunchScreen.storyboard */; };
		873B8AEB1B1F5CCA007FD442 /* Main.storyboard in Resources */ = {isa = PBXBuildFile; fileRef = 873B8AEA1B1F5CCA007FD442 /* Main.storyboard */; };
		8A007A661E55B1D50006E667 /* MNShowAdViewController.m in Sources */ = {isa = PBXBuildFile; fileRef = 8A007A651E55B1D50006E667 /* MNShowAdViewController.m */; };
		8A34F3951EAE32D600144B72 /* vast-linear.xml in Resources */ = {isa = PBXBuildFile; fileRef = 8A34F3941EAE32D600144B72 /* vast-linear.xml */; };
		8A34F39D1EAE37EB00144B72 /* vast-linear-inline.xml in Resources */ = {isa = PBXBuildFile; fileRef = 8A34F39C1EAE37EB00144B72 /* vast-linear-inline.xml */; };
		8A39B1A71EAF63CE00F2915F /* MNetTestVideoLoad.m in Sources */ = {isa = PBXBuildFile; fileRef = 8A39B1A61EAF63CE00F2915F /* MNetTestVideoLoad.m */; };
		8A3C5374202AF9B0004B5550 /* MNAdSdkURLManager.m in Sources */ = {isa = PBXBuildFile; fileRef = 8A3C5373202AF9B0004B5550 /* MNAdSdkURLManager.m */; };
		8A44761B2029A73E00F43F18 /* MNURLConfigViewController.m in Sources */ = {isa = PBXBuildFile; fileRef = 8A44761A2029A73E00F43F18 /* MNURLConfigViewController.m */; };
		8A49676E1EAF873C0032C550 /* adResponseVideo320x250.json in Resources */ = {isa = PBXBuildFile; fileRef = 8A39B1A81EAF6AD600F2915F /* adResponseVideo320x250.json */; };
		8A4CBFCC1F668B47009CCB02 /* MNetAdViewReuseRepositoryTests.m in Sources */ = {isa = PBXBuildFile; fileRef = 8A4CBFCB1F668B47009CCB02 /* MNetAdViewReuseRepositoryTests.m */; };
		8A6291421FDFB742008DD9F9 /* vast-multi-wrapper.xml in Resources */ = {isa = PBXBuildFile; fileRef = 8A6291411FDFB742008DD9F9 /* vast-multi-wrapper.xml */; };
		8A70D3ED1EB092DA00F4B63E /* MNetTestRewardedVideo.m in Sources */ = {isa = PBXBuildFile; fileRef = 8A70D3EC1EB092DA00F4B63E /* MNetTestRewardedVideo.m */; };
		8A70D3F01EB0984800F4B63E /* rewardedResponseVideo320x250.json in Resources */ = {isa = PBXBuildFile; fileRef = 8A70D3EE1EB0970C00F4B63E /* rewardedResponseVideo320x250.json */; };
		8A70D3F41EB09A0700F4B63E /* MNetTestInterstitialVideo.m in Sources */ = {isa = PBXBuildFile; fileRef = 8A70D3F31EB09A0700F4B63E /* MNetTestInterstitialVideo.m */; };
		8AA4105A20440C5F00299D67 /* vast-linear-trackers.xml in Resources */ = {isa = PBXBuildFile; fileRef = 8AA4105920440C5F00299D67 /* vast-linear-trackers.xml */; };
		8ACD24911FDE80A400ABDDC3 /* vast-wrapper-linear.xml in Resources */ = {isa = PBXBuildFile; fileRef = 8ACD24901FDE80A400ABDDC3 /* vast-wrapper-linear.xml */; };
		8AE0013E1FE8E4C500D57CA9 /* MNetContextLinkTests.m in Sources */ = {isa = PBXBuildFile; fileRef = 8AE0013D1FE8E4C500D57CA9 /* MNetContextLinkTests.m */; };
		8AEF2CBE1EAE2E6F00BAE4DE /* MNetVASTParserTest.m in Sources */ = {isa = PBXBuildFile; fileRef = 8AEF2CBD1EAE2E6F00BAE4DE /* MNetVASTParserTest.m */; };
		AE0AE4B31F6680280008B282 /* MNetPrefetchTests.m in Sources */ = {isa = PBXBuildFile; fileRef = AE0AE4B21F6680280008B282 /* MNetPrefetchTests.m */; };
		AE0DFF2F2032CDC000FA23DC /* MNetErrorTests.m in Sources */ = {isa = PBXBuildFile; fileRef = AE0DFF2E2032CDC000FA23DC /* MNetErrorTests.m */; };
		AE0FBDC71F614AB9003435F7 /* MNetBidStoreTests.m in Sources */ = {isa = PBXBuildFile; fileRef = AE0FBDC61F614AB9003435F7 /* MNetBidStoreTests.m */; };
		AE1241051EAE94CC00EED2F4 /* MNetTestBannerIncomplete.m in Sources */ = {isa = PBXBuildFile; fileRef = AE1241041EAE94CC00EED2F4 /* MNetTestBannerIncomplete.m */; };
		AE12772F1F5E9C8900450657 /* MNetAppLinkTests.m in Sources */ = {isa = PBXBuildFile; fileRef = AE12772E1F5E9C8900450657 /* MNetAppLinkTests.m */; };
		AE2B50161F0AC3EA00E7D804 /* MNetAdAnalyticsLoggingTests.m in Sources */ = {isa = PBXBuildFile; fileRef = AE2B50151F0AC3EA00E7D804 /* MNetAdAnalyticsLoggingTests.m */; };
		AE33C9011EAE9078003BF9ED /* XCTest+MNetTestUtils.h in Sources */ = {isa = PBXBuildFile; fileRef = AE33C8FE1EAE9064003BF9ED /* XCTest+MNetTestUtils.h */; };
		AE33C9021EAE9078003BF9ED /* XCTest+MNetTestUtils.m in Sources */ = {isa = PBXBuildFile; fileRef = AE33C8FF1EAE9064003BF9ED /* XCTest+MNetTestUtils.m */; };
		AE37516D1F862FF600DB2BA7 /* MNetTpdBidReuse.m in Sources */ = {isa = PBXBuildFile; fileRef = AE37516C1F862FF600DB2BA7 /* MNetTpdBidReuse.m */; };
		AE37516F1F86425400DB2BA7 /* MNetTpdReusePrefetch.m in Sources */ = {isa = PBXBuildFile; fileRef = AE37516E1F86425400DB2BA7 /* MNetTpdReusePrefetch.m */; };
		AE3751711F865C1B00DB2BA7 /* MNetTpdReusePrefetchTimeout.m in Sources */ = {isa = PBXBuildFile; fileRef = AE3751701F865C1B00DB2BA7 /* MNetTpdReusePrefetchTimeout.m */; };
		AE3D8B031EF9526800CC80F0 /* GameKit.framework in Frameworks */ = {isa = PBXBuildFile; fileRef = AE3D8B021EF9526800CC80F0 /* GameKit.framework */; };
		AE3D8B051EF952B100CC80F0 /* StoreKit.framework in Frameworks */ = {isa = PBXBuildFile; fileRef = AE3D8B041EF952B100CC80F0 /* StoreKit.framework */; };
		AE3F5B021FF391BF00FEBE12 /* MNetDefaultBidsManagerTests.m in Sources */ = {isa = PBXBuildFile; fileRef = AE3F5B011FF391BF00FEBE12 /* MNetDefaultBidsManagerTests.m */; };
		AE423F001F6FCF3200EDF1DE /* MNetPrefetchBidsTests.m in Sources */ = {isa = PBXBuildFile; fileRef = AE423EFF1F6FCF3200EDF1DE /* MNetPrefetchBidsTests.m */; };
		AE47A8F41E699C2D00B6E5E8 /* CoreLocation.framework in Frameworks */ = {isa = PBXBuildFile; fileRef = AE47A8F31E699C2D00B6E5E8 /* CoreLocation.framework */; };
		AE4A8BC61F27174A00295139 /* MNetPulseStoreTests.m in Sources */ = {isa = PBXBuildFile; fileRef = AE4A8BC51F27174A00295139 /* MNetPulseStoreTests.m */; };
		AE533AC21F31AD6100AC145D /* MNetAppContentManagerTest.m in Sources */ = {isa = PBXBuildFile; fileRef = AE533AC11F31AD6100AC145D /* MNetAppContentManagerTest.m */; };
		AE5548931F2B10D80087ADD1 /* MNetTestManager.m in Sources */ = {isa = PBXBuildFile; fileRef = AE5548921F2B10D80087ADD1 /* MNetTestManager.m */; };
		AE5754CC1F2A16DA00D55E93 /* MNetHttpClientTests.m in Sources */ = {isa = PBXBuildFile; fileRef = AE5754CB1F2A16DA00D55E93 /* MNetHttpClientTests.m */; };
		AE59CD0A1F2B7A5800704798 /* MNetJSONToObjectParserTests.m in Sources */ = {isa = PBXBuildFile; fileRef = AE59CD091F2B7A5800704798 /* MNetJSONToObjectParserTests.m */; };
		AE59CD0C1F2BC0A400704798 /* MNetSampleRequest.json in Resources */ = {isa = PBXBuildFile; fileRef = AE59CD0B1F2BC0A400704798 /* MNetSampleRequest.json */; };
		AE5CBE0B1F96887600E6DB37 /* MNetAuctionTests.m in Sources */ = {isa = PBXBuildFile; fileRef = AE5CBE0A1F96887600E6DB37 /* MNetAuctionTests.m */; };
		AE659E5A20356A0E004BA739 /* MNetTestUserRequests.m in Sources */ = {isa = PBXBuildFile; fileRef = AE659E5920356A0E004BA739 /* MNetTestUserRequests.m */; };
		AE699B2F1F6B316500D4867B /* MNetResponseParserPredictBidsTest.m in Sources */ = {isa = PBXBuildFile; fileRef = AE699B2E1F6B316500D4867B /* MNetResponseParserPredictBidsTest.m */; };
		AE75A4951EAE9D8D00B782D5 /* MNetTestBannerLoad.m in Sources */ = {isa = PBXBuildFile; fileRef = AE75A4941EAE9D8D00B782D5 /* MNetTestBannerLoad.m */; };
		AE75A4991EAEA5C700B782D5 /* adResponseBanner320x50.json in Resources */ = {isa = PBXBuildFile; fileRef = AE75A4971EAEA27C00B782D5 /* adResponseBanner320x50.json */; };
		AE7D62171EBC7E5D00154D42 /* MNetTestUtils.m in Sources */ = {isa = PBXBuildFile; fileRef = AE7D62161EBC7E5D00154D42 /* MNetTestUtils.m */; };
		AE7E9C9F1FE3BE30008AE492 /* adResponseBannerAdUrl320x50.json in Resources */ = {isa = PBXBuildFile; fileRef = AE7E9C9E1FE3BE30008AE492 /* adResponseBannerAdUrl320x50.json */; };
		AE8328D01F2B489200757B25 /* MNetVideoInterstitialWithBannerDelegates.m in Sources */ = {isa = PBXBuildFile; fileRef = AE8328CF1F2B489200757B25 /* MNetVideoInterstitialWithBannerDelegates.m */; };
		AE86824A1EAE7FCB00C00F28 /* MNetTestBannerSansParent.m in Sources */ = {isa = PBXBuildFile; fileRef = AE8682491EAE7FCB00C00F28 /* MNetTestBannerSansParent.m */; };
		AE8864BF1F69B7F400D04C5A /* MNetAdLoaderTests.m in Sources */ = {isa = PBXBuildFile; fileRef = AE8864BE1F69B7F400D04C5A /* MNetAdLoaderTests.m */; };
		AE88978A1F174F82009C60B2 /* MNetSdkConfigTests.m in Sources */ = {isa = PBXBuildFile; fileRef = AE8897891F174F82009C60B2 /* MNetSdkConfigTests.m */; };
		AE8C291F1F9F222F005058FB /* MNetAuctionLoggerModelTests.m in Sources */ = {isa = PBXBuildFile; fileRef = AE8C291E1F9F222F005058FB /* MNetAuctionLoggerModelTests.m */; };
		AE8DD6911FB0DB4E00EC453A /* MNetHbTests.m in Sources */ = {isa = PBXBuildFile; fileRef = AE8DD6901FB0DB4E00EC453A /* MNetHbTests.m */; };
		AE8F83421F136D58001D9E48 /* MNetSdkConfigResponse.json in Resources */ = {isa = PBXBuildFile; fileRef = AE8F83411F136D58001D9E48 /* MNetSdkConfigResponse.json */; };
		AE9EED331F3476D700C00C15 /* MNetUserTests.m in Sources */ = {isa = PBXBuildFile; fileRef = AE9EED321F3476D700C00C15 /* MNetUserTests.m */; };
		AEA2C87B1F13539D00DEB792 /* MNetAdxResponse.json in Resources */ = {isa = PBXBuildFile; fileRef = AEA2C87A1F13539D00DEB792 /* MNetAdxResponse.json */; };
		AEA759D11EAF43350071701D /* MNetTestBannerNoAd.m in Sources */ = {isa = PBXBuildFile; fileRef = AEA759D01EAF43350071701D /* MNetTestBannerNoAd.m */; };
		AEA759D41EAF44330071701D /* noAdResponse.json in Resources */ = {isa = PBXBuildFile; fileRef = AEA759D21EAF440B0071701D /* noAdResponse.json */; };
		AEA759D71EAF4C640071701D /* MNetTestInterstitialLoad.m in Sources */ = {isa = PBXBuildFile; fileRef = AEA759D61EAF4C640071701D /* MNetTestInterstitialLoad.m */; };
		AEA759DB1EAF4CA60071701D /* MNetTestInterstitialIncomplete.m in Sources */ = {isa = PBXBuildFile; fileRef = AEA759DA1EAF4CA60071701D /* MNetTestInterstitialIncomplete.m */; };
		AEA759DD1EAF4CC30071701D /* MNetTestInterstitialNoAd.m in Sources */ = {isa = PBXBuildFile; fileRef = AEA759DC1EAF4CC30071701D /* MNetTestInterstitialNoAd.m */; };
		AEA759DF1EAF55C80071701D /* adResponseBanner300x250.json in Resources */ = {isa = PBXBuildFile; fileRef = AEA759DE1EAF55C80071701D /* adResponseBanner300x250.json */; };
		AEAC3D8C1F6B34B4002213A6 /* MNetPredictBidsRelayResponse.json in Resources */ = {isa = PBXBuildFile; fileRef = AEAC3D8B1F6B34B4002213A6 /* MNetPredictBidsRelayResponse.json */; };
		AEAE57B31EAFCF1A00430540 /* MNetTestAdRequestFormat.m in Sources */ = {isa = PBXBuildFile; fileRef = AEAE57B21EAFCF1A00430540 /* MNetTestAdRequestFormat.m */; };
		AEB5AE821F1511910055C58A /* MNetHBFilterTest.m in Sources */ = {isa = PBXBuildFile; fileRef = AEB5AE811F1511910055C58A /* MNetHBFilterTest.m */; };
		AEC8DDF41F9F5B3200912901 /* MNetAuctionLoggerManagerTests.m in Sources */ = {isa = PBXBuildFile; fileRef = AEC8DDF31F9F5B3200912901 /* MNetAuctionLoggerManagerTests.m */; };
		AEC914491FEA37D300E58EA5 /* MNetTestChildContentRequests.m in Sources */ = {isa = PBXBuildFile; fileRef = AEC914481FEA37D300E58EA5 /* MNetTestChildContentRequests.m */; };
		AEC9144B1FEA61D900E58EA5 /* MNetPulseRegulationTests.m in Sources */ = {isa = PBXBuildFile; fileRef = AEC9144A1FEA61D900E58EA5 /* MNetPulseRegulationTests.m */; };
		AED94DF01E72DF7300470329 /* MNDemoConstants.m in Sources */ = {isa = PBXBuildFile; fileRef = AED94DEF1E72DF7300470329 /* MNDemoConstants.m */; };
		AEDA10291F28779E00A28A6F /* MNetURLTests.m in Sources */ = {isa = PBXBuildFile; fileRef = AEDA10281F28779E00A28A6F /* MNetURLTests.m */; };
		AEDC59531F324A5800228A69 /* MNetSampleModelClass.m in Sources */ = {isa = PBXBuildFile; fileRef = AEDC59521F324A5800228A69 /* MNetSampleModelClass.m */; };
		AEDC59551F324D2000228A69 /* MNetSampleJSONContent.json in Resources */ = {isa = PBXBuildFile; fileRef = AEDC59541F324D2000228A69 /* MNetSampleJSONContent.json */; };
		AEDC59571F3260B200228A69 /* MNetBidResponse.json in Resources */ = {isa = PBXBuildFile; fileRef = AEDC59561F3260B200228A69 /* MNetBidResponse.json */; };
		AEF8F4B41F8B8A9C00F1D4DE /* MNetMacroManagerTests.m in Sources */ = {isa = PBXBuildFile; fileRef = AEF8F4B31F8B8A9C00F1D4DE /* MNetMacroManagerTests.m */; };
		AEFC29831F2B419E004A5F93 /* MNetVideoWithBannerDelegates.m in Sources */ = {isa = PBXBuildFile; fileRef = AEFC29821F2B419E004A5F93 /* MNetVideoWithBannerDelegates.m */; };
/* End PBXBuildFile section */

/* Begin PBXContainerItemProxy section */
		6003F5B3195388D20070C39A /* PBXContainerItemProxy */ = {
			isa = PBXContainerItemProxy;
			containerPortal = 6003F582195388D10070C39A /* Project object */;
			proxyType = 1;
			remoteGlobalIDString = 6003F589195388D20070C39A;
			remoteInfo = MNAdSdk;
		};
/* End PBXContainerItemProxy section */

/* Begin PBXFileReference section */
		1598FA95424A2997D8A3BB8D /* Pods_MNAdSdk_Tests.framework */ = {isa = PBXFileReference; explicitFileType = wrapper.framework; includeInIndex = 0; path = Pods_MNAdSdk_Tests.framework; sourceTree = BUILT_PRODUCTS_DIR; };
		3CFFBA2A88C60BD841B35E20 /* README.md */ = {isa = PBXFileReference; includeInIndex = 1; lastKnownFileType = net.daringfireball.markdown; name = README.md; path = ../README.md; sourceTree = "<group>"; };
		5CF5A95E8555E332C43DF466 /* Pods-MNAdSdk_Tests.release.xcconfig */ = {isa = PBXFileReference; includeInIndex = 1; lastKnownFileType = text.xcconfig; name = "Pods-MNAdSdk_Tests.release.xcconfig"; path = "Pods/Target Support Files/Pods-MNAdSdk_Tests/Pods-MNAdSdk_Tests.release.xcconfig"; sourceTree = "<group>"; };
		6003F58A195388D20070C39A /* MNAdSDKDemo.app */ = {isa = PBXFileReference; explicitFileType = wrapper.application; includeInIndex = 0; path = MNAdSDKDemo.app; sourceTree = BUILT_PRODUCTS_DIR; };
		6003F58D195388D20070C39A /* Foundation.framework */ = {isa = PBXFileReference; lastKnownFileType = wrapper.framework; name = Foundation.framework; path = System/Library/Frameworks/Foundation.framework; sourceTree = SDKROOT; };
		6003F58F195388D20070C39A /* CoreGraphics.framework */ = {isa = PBXFileReference; lastKnownFileType = wrapper.framework; name = CoreGraphics.framework; path = System/Library/Frameworks/CoreGraphics.framework; sourceTree = SDKROOT; };
		6003F591195388D20070C39A /* UIKit.framework */ = {isa = PBXFileReference; lastKnownFileType = wrapper.framework; name = UIKit.framework; path = System/Library/Frameworks/UIKit.framework; sourceTree = SDKROOT; };
		6003F595195388D20070C39A /* MNAdSdk-Info.plist */ = {isa = PBXFileReference; lastKnownFileType = text.plist.xml; path = "MNAdSdk-Info.plist"; sourceTree = "<group>"; };
		6003F597195388D20070C39A /* en */ = {isa = PBXFileReference; lastKnownFileType = text.plist.strings; name = en; path = en.lproj/InfoPlist.strings; sourceTree = "<group>"; };
		6003F599195388D20070C39A /* main.m */ = {isa = PBXFileReference; lastKnownFileType = sourcecode.c.objc; path = main.m; sourceTree = "<group>"; };
		6003F59B195388D20070C39A /* MNAdSdk-Prefix.pch */ = {isa = PBXFileReference; lastKnownFileType = sourcecode.c.h; path = "MNAdSdk-Prefix.pch"; sourceTree = "<group>"; };
		6003F59C195388D20070C39A /* MNAppDelegate.h */ = {isa = PBXFileReference; lastKnownFileType = sourcecode.c.h; path = MNAppDelegate.h; sourceTree = "<group>"; };
		6003F59D195388D20070C39A /* MNAppDelegate.m */ = {isa = PBXFileReference; lastKnownFileType = sourcecode.c.objc; path = MNAppDelegate.m; sourceTree = "<group>"; };
		6003F5A5195388D20070C39A /* MNViewController.h */ = {isa = PBXFileReference; lastKnownFileType = sourcecode.c.h; path = MNViewController.h; sourceTree = "<group>"; };
		6003F5A6195388D20070C39A /* MNViewController.m */ = {isa = PBXFileReference; lastKnownFileType = sourcecode.c.objc; path = MNViewController.m; sourceTree = "<group>"; };
		6003F5A8195388D20070C39A /* Images.xcassets */ = {isa = PBXFileReference; lastKnownFileType = folder.assetcatalog; path = Images.xcassets; sourceTree = "<group>"; };
		6003F5AE195388D20070C39A /* MNAdSdk_Tests.xctest */ = {isa = PBXFileReference; explicitFileType = wrapper.cfbundle; includeInIndex = 0; path = MNAdSdk_Tests.xctest; sourceTree = BUILT_PRODUCTS_DIR; };
		6003F5AF195388D20070C39A /* XCTest.framework */ = {isa = PBXFileReference; lastKnownFileType = wrapper.framework; name = XCTest.framework; path = Library/Frameworks/XCTest.framework; sourceTree = DEVELOPER_DIR; };
		6003F5B7195388D20070C39A /* Tests-Info.plist */ = {isa = PBXFileReference; lastKnownFileType = text.plist.xml; path = "Tests-Info.plist"; sourceTree = "<group>"; };
		6003F5B9195388D20070C39A /* en */ = {isa = PBXFileReference; lastKnownFileType = text.plist.strings; name = en; path = en.lproj/InfoPlist.strings; sourceTree = "<group>"; };
		606FC2411953D9B200FFA9A0 /* Tests-Prefix.pch */ = {isa = PBXFileReference; lastKnownFileType = sourcecode.c.h; path = "Tests-Prefix.pch"; sourceTree = "<group>"; };
		658E843E1E56F21E00F29110 /* AFNetworking.framework */ = {isa = PBXFileReference; lastKnownFileType = wrapper.framework; name = AFNetworking.framework; path = "../../../Library/Developer/Xcode/DerivedData/MNAdSdk-boowncofsgzqucdrcocfvcliifig/Build/Products/Debug-iphonesimulator/AFNetworking/AFNetworking.framework"; sourceTree = "<group>"; };
		71719F9E1E33DC2100824A3D /* Base */ = {isa = PBXFileReference; lastKnownFileType = file.storyboard; name = Base; path = Base.lproj/LaunchScreen.storyboard; sourceTree = "<group>"; };
		75A018B7A97D83671E0083E7 /* MNAdSdk.podspec */ = {isa = PBXFileReference; includeInIndex = 1; lastKnownFileType = text; name = MNAdSdk.podspec; path = ../MNAdSdk.podspec; sourceTree = "<group>"; };
		7A3FF8073DE49C63EF37C1DA /* Pods-MNAdSdk_Example.debug.xcconfig */ = {isa = PBXFileReference; includeInIndex = 1; lastKnownFileType = text.xcconfig; name = "Pods-MNAdSdk_Example.debug.xcconfig"; path = "Pods/Target Support Files/Pods-MNAdSdk_Example/Pods-MNAdSdk_Example.debug.xcconfig"; sourceTree = "<group>"; };
		825309605DB4AFD0FE3E08C2 /* Pods-MNAdSdk_Example.release.xcconfig */ = {isa = PBXFileReference; includeInIndex = 1; lastKnownFileType = text.xcconfig; name = "Pods-MNAdSdk_Example.release.xcconfig"; path = "Pods/Target Support Files/Pods-MNAdSdk_Example/Pods-MNAdSdk_Example.release.xcconfig"; sourceTree = "<group>"; };
		873B8AEA1B1F5CCA007FD442 /* Main.storyboard */ = {isa = PBXFileReference; fileEncoding = 4; lastKnownFileType = file.storyboard; name = Main.storyboard; path = Base.lproj/Main.storyboard; sourceTree = "<group>"; };
		8A007A641E55B1D50006E667 /* MNShowAdViewController.h */ = {isa = PBXFileReference; fileEncoding = 4; lastKnownFileType = sourcecode.c.h; path = MNShowAdViewController.h; sourceTree = "<group>"; };
		8A007A651E55B1D50006E667 /* MNShowAdViewController.m */ = {isa = PBXFileReference; fileEncoding = 4; lastKnownFileType = sourcecode.c.objc; path = MNShowAdViewController.m; sourceTree = "<group>"; };
		8A346A3B1E56F213004013FE /* AFNetworking.framework */ = {isa = PBXFileReference; lastKnownFileType = wrapper.framework; name = AFNetworking.framework; path = "Pods/../build/Debug-iphoneos/AFNetworking/AFNetworking.framework"; sourceTree = "<group>"; };
		8A34F3941EAE32D600144B72 /* vast-linear.xml */ = {isa = PBXFileReference; fileEncoding = 4; lastKnownFileType = text.xml; path = "vast-linear.xml"; sourceTree = "<group>"; };
		8A34F39C1EAE37EB00144B72 /* vast-linear-inline.xml */ = {isa = PBXFileReference; fileEncoding = 4; lastKnownFileType = text.xml; path = "vast-linear-inline.xml"; sourceTree = "<group>"; };
		8A39B1A61EAF63CE00F2915F /* MNetTestVideoLoad.m */ = {isa = PBXFileReference; fileEncoding = 4; lastKnownFileType = sourcecode.c.objc; path = MNetTestVideoLoad.m; sourceTree = "<group>"; };
		8A39B1A81EAF6AD600F2915F /* adResponseVideo320x250.json */ = {isa = PBXFileReference; fileEncoding = 4; lastKnownFileType = text.json; path = adResponseVideo320x250.json; sourceTree = "<group>"; };
		8A3C5372202AF9B0004B5550 /* MNAdSdkURLManager.h */ = {isa = PBXFileReference; lastKnownFileType = sourcecode.c.h; path = MNAdSdkURLManager.h; sourceTree = "<group>"; };
		8A3C5373202AF9B0004B5550 /* MNAdSdkURLManager.m */ = {isa = PBXFileReference; lastKnownFileType = sourcecode.c.objc; path = MNAdSdkURLManager.m; sourceTree = "<group>"; };
		8A4476192029A73E00F43F18 /* MNURLConfigViewController.h */ = {isa = PBXFileReference; lastKnownFileType = sourcecode.c.h; path = MNURLConfigViewController.h; sourceTree = "<group>"; };
		8A44761A2029A73E00F43F18 /* MNURLConfigViewController.m */ = {isa = PBXFileReference; lastKnownFileType = sourcecode.c.objc; path = MNURLConfigViewController.m; sourceTree = "<group>"; };
		8A4CBFCB1F668B47009CCB02 /* MNetAdViewReuseRepositoryTests.m */ = {isa = PBXFileReference; fileEncoding = 4; lastKnownFileType = sourcecode.c.objc; path = MNetAdViewReuseRepositoryTests.m; sourceTree = "<group>"; };
		8A6291411FDFB742008DD9F9 /* vast-multi-wrapper.xml */ = {isa = PBXFileReference; lastKnownFileType = text.xml; path = "vast-multi-wrapper.xml"; sourceTree = "<group>"; };
		8A70D3EC1EB092DA00F4B63E /* MNetTestRewardedVideo.m */ = {isa = PBXFileReference; fileEncoding = 4; lastKnownFileType = sourcecode.c.objc; path = MNetTestRewardedVideo.m; sourceTree = "<group>"; };
		8A70D3EE1EB0970C00F4B63E /* rewardedResponseVideo320x250.json */ = {isa = PBXFileReference; fileEncoding = 4; lastKnownFileType = text.json; path = rewardedResponseVideo320x250.json; sourceTree = "<group>"; };
		8A70D3F31EB09A0700F4B63E /* MNetTestInterstitialVideo.m */ = {isa = PBXFileReference; fileEncoding = 4; lastKnownFileType = sourcecode.c.objc; path = MNetTestInterstitialVideo.m; sourceTree = "<group>"; };
		8AA4105920440C5F00299D67 /* vast-linear-trackers.xml */ = {isa = PBXFileReference; lastKnownFileType = text.xml; path = "vast-linear-trackers.xml"; sourceTree = "<group>"; };
		8ACD24901FDE80A400ABDDC3 /* vast-wrapper-linear.xml */ = {isa = PBXFileReference; lastKnownFileType = text.xml; path = "vast-wrapper-linear.xml"; sourceTree = "<group>"; };
		8AE0013D1FE8E4C500D57CA9 /* MNetContextLinkTests.m */ = {isa = PBXFileReference; lastKnownFileType = sourcecode.c.objc; path = MNetContextLinkTests.m; sourceTree = "<group>"; };
		8AEF2CBD1EAE2E6F00BAE4DE /* MNetVASTParserTest.m */ = {isa = PBXFileReference; fileEncoding = 4; lastKnownFileType = sourcecode.c.objc; path = MNetVASTParserTest.m; sourceTree = "<group>"; };
		AE0AE4B21F6680280008B282 /* MNetPrefetchTests.m */ = {isa = PBXFileReference; fileEncoding = 4; lastKnownFileType = sourcecode.c.objc; path = MNetPrefetchTests.m; sourceTree = "<group>"; };
		AE0DFF2E2032CDC000FA23DC /* MNetErrorTests.m */ = {isa = PBXFileReference; lastKnownFileType = sourcecode.c.objc; path = MNetErrorTests.m; sourceTree = "<group>"; };
		AE0FBDC61F614AB9003435F7 /* MNetBidStoreTests.m */ = {isa = PBXFileReference; fileEncoding = 4; lastKnownFileType = sourcecode.c.objc; path = MNetBidStoreTests.m; sourceTree = "<group>"; };
		AE1241041EAE94CC00EED2F4 /* MNetTestBannerIncomplete.m */ = {isa = PBXFileReference; fileEncoding = 4; lastKnownFileType = sourcecode.c.objc; path = MNetTestBannerIncomplete.m; sourceTree = "<group>"; };
		AE12772E1F5E9C8900450657 /* MNetAppLinkTests.m */ = {isa = PBXFileReference; fileEncoding = 4; lastKnownFileType = sourcecode.c.objc; path = MNetAppLinkTests.m; sourceTree = "<group>"; };
		AE2B50151F0AC3EA00E7D804 /* MNetAdAnalyticsLoggingTests.m */ = {isa = PBXFileReference; fileEncoding = 4; lastKnownFileType = sourcecode.c.objc; path = MNetAdAnalyticsLoggingTests.m; sourceTree = "<group>"; };
		AE2FF7E21ED2F894006261E6 /* MNAdSDKDemo.entitlements */ = {isa = PBXFileReference; lastKnownFileType = text.plist.entitlements; path = MNAdSDKDemo.entitlements; sourceTree = "<group>"; };
		AE33C8FE1EAE9064003BF9ED /* XCTest+MNetTestUtils.h */ = {isa = PBXFileReference; fileEncoding = 4; lastKnownFileType = sourcecode.c.h; path = "XCTest+MNetTestUtils.h"; sourceTree = "<group>"; };
		AE33C8FF1EAE9064003BF9ED /* XCTest+MNetTestUtils.m */ = {isa = PBXFileReference; fileEncoding = 4; lastKnownFileType = sourcecode.c.objc; path = "XCTest+MNetTestUtils.m"; sourceTree = "<group>"; };
		AE37516C1F862FF600DB2BA7 /* MNetTpdBidReuse.m */ = {isa = PBXFileReference; fileEncoding = 4; lastKnownFileType = sourcecode.c.objc; path = MNetTpdBidReuse.m; sourceTree = "<group>"; };
		AE37516E1F86425400DB2BA7 /* MNetTpdReusePrefetch.m */ = {isa = PBXFileReference; fileEncoding = 4; lastKnownFileType = sourcecode.c.objc; path = MNetTpdReusePrefetch.m; sourceTree = "<group>"; };
		AE3751701F865C1B00DB2BA7 /* MNetTpdReusePrefetchTimeout.m */ = {isa = PBXFileReference; fileEncoding = 4; lastKnownFileType = sourcecode.c.objc; path = MNetTpdReusePrefetchTimeout.m; sourceTree = "<group>"; };
		AE3D8B021EF9526800CC80F0 /* GameKit.framework */ = {isa = PBXFileReference; lastKnownFileType = wrapper.framework; name = GameKit.framework; path = System/Library/Frameworks/GameKit.framework; sourceTree = SDKROOT; };
		AE3D8B041EF952B100CC80F0 /* StoreKit.framework */ = {isa = PBXFileReference; lastKnownFileType = wrapper.framework; name = StoreKit.framework; path = System/Library/Frameworks/StoreKit.framework; sourceTree = SDKROOT; };
		AE3F5B011FF391BF00FEBE12 /* MNetDefaultBidsManagerTests.m */ = {isa = PBXFileReference; lastKnownFileType = sourcecode.c.objc; path = MNetDefaultBidsManagerTests.m; sourceTree = "<group>"; };
		AE423EFF1F6FCF3200EDF1DE /* MNetPrefetchBidsTests.m */ = {isa = PBXFileReference; fileEncoding = 4; lastKnownFileType = sourcecode.c.objc; path = MNetPrefetchBidsTests.m; sourceTree = "<group>"; };
		AE47A8F31E699C2D00B6E5E8 /* CoreLocation.framework */ = {isa = PBXFileReference; lastKnownFileType = wrapper.framework; name = CoreLocation.framework; path = System/Library/Frameworks/CoreLocation.framework; sourceTree = SDKROOT; };
		AE4A8BC51F27174A00295139 /* MNetPulseStoreTests.m */ = {isa = PBXFileReference; fileEncoding = 4; lastKnownFileType = sourcecode.c.objc; path = MNetPulseStoreTests.m; sourceTree = "<group>"; };
		AE533AC11F31AD6100AC145D /* MNetAppContentManagerTest.m */ = {isa = PBXFileReference; fileEncoding = 4; lastKnownFileType = sourcecode.c.objc; path = MNetAppContentManagerTest.m; sourceTree = "<group>"; };
		AE5548911F2B10D80087ADD1 /* MNetTestManager.h */ = {isa = PBXFileReference; fileEncoding = 4; lastKnownFileType = sourcecode.c.h; path = MNetTestManager.h; sourceTree = "<group>"; };
		AE5548921F2B10D80087ADD1 /* MNetTestManager.m */ = {isa = PBXFileReference; fileEncoding = 4; lastKnownFileType = sourcecode.c.objc; path = MNetTestManager.m; sourceTree = "<group>"; };
		AE5754CB1F2A16DA00D55E93 /* MNetHttpClientTests.m */ = {isa = PBXFileReference; fileEncoding = 4; lastKnownFileType = sourcecode.c.objc; path = MNetHttpClientTests.m; sourceTree = "<group>"; };
		AE59CD091F2B7A5800704798 /* MNetJSONToObjectParserTests.m */ = {isa = PBXFileReference; fileEncoding = 4; lastKnownFileType = sourcecode.c.objc; path = MNetJSONToObjectParserTests.m; sourceTree = "<group>"; };
		AE59CD0B1F2BC0A400704798 /* MNetSampleRequest.json */ = {isa = PBXFileReference; fileEncoding = 4; lastKnownFileType = text.json; path = MNetSampleRequest.json; sourceTree = "<group>"; };
		AE5CBE0A1F96887600E6DB37 /* MNetAuctionTests.m */ = {isa = PBXFileReference; lastKnownFileType = sourcecode.c.objc; path = MNetAuctionTests.m; sourceTree = "<group>"; };
		AE659E5920356A0E004BA739 /* MNetTestUserRequests.m */ = {isa = PBXFileReference; lastKnownFileType = sourcecode.c.objc; path = MNetTestUserRequests.m; sourceTree = "<group>"; };
		AE699B2E1F6B316500D4867B /* MNetResponseParserPredictBidsTest.m */ = {isa = PBXFileReference; fileEncoding = 4; lastKnownFileType = sourcecode.c.objc; path = MNetResponseParserPredictBidsTest.m; sourceTree = "<group>"; };
		AE75A4941EAE9D8D00B782D5 /* MNetTestBannerLoad.m */ = {isa = PBXFileReference; fileEncoding = 4; lastKnownFileType = sourcecode.c.objc; path = MNetTestBannerLoad.m; sourceTree = "<group>"; };
		AE75A4971EAEA27C00B782D5 /* adResponseBanner320x50.json */ = {isa = PBXFileReference; fileEncoding = 4; lastKnownFileType = text.json; path = adResponseBanner320x50.json; sourceTree = "<group>"; };
		AE7D62161EBC7E5D00154D42 /* MNetTestUtils.m */ = {isa = PBXFileReference; fileEncoding = 4; lastKnownFileType = sourcecode.c.objc; path = MNetTestUtils.m; sourceTree = "<group>"; };
		AE7E9C9E1FE3BE30008AE492 /* adResponseBannerAdUrl320x50.json */ = {isa = PBXFileReference; lastKnownFileType = text.json; path = adResponseBannerAdUrl320x50.json; sourceTree = "<group>"; };
		AE8328CF1F2B489200757B25 /* MNetVideoInterstitialWithBannerDelegates.m */ = {isa = PBXFileReference; fileEncoding = 4; lastKnownFileType = sourcecode.c.objc; path = MNetVideoInterstitialWithBannerDelegates.m; sourceTree = "<group>"; };
		AE8682491EAE7FCB00C00F28 /* MNetTestBannerSansParent.m */ = {isa = PBXFileReference; fileEncoding = 4; lastKnownFileType = sourcecode.c.objc; path = MNetTestBannerSansParent.m; sourceTree = "<group>"; };
		AE8864BE1F69B7F400D04C5A /* MNetAdLoaderTests.m */ = {isa = PBXFileReference; fileEncoding = 4; lastKnownFileType = sourcecode.c.objc; path = MNetAdLoaderTests.m; sourceTree = "<group>"; };
		AE8897891F174F82009C60B2 /* MNetSdkConfigTests.m */ = {isa = PBXFileReference; fileEncoding = 4; lastKnownFileType = sourcecode.c.objc; path = MNetSdkConfigTests.m; sourceTree = "<group>"; };
		AE8C291E1F9F222F005058FB /* MNetAuctionLoggerModelTests.m */ = {isa = PBXFileReference; lastKnownFileType = sourcecode.c.objc; path = MNetAuctionLoggerModelTests.m; sourceTree = "<group>"; };
		AE8DD6901FB0DB4E00EC453A /* MNetHbTests.m */ = {isa = PBXFileReference; lastKnownFileType = sourcecode.c.objc; path = MNetHbTests.m; sourceTree = "<group>"; };
		AE8F83411F136D58001D9E48 /* MNetSdkConfigResponse.json */ = {isa = PBXFileReference; fileEncoding = 4; lastKnownFileType = text.json; path = MNetSdkConfigResponse.json; sourceTree = "<group>"; };
		AE9EED321F3476D700C00C15 /* MNetUserTests.m */ = {isa = PBXFileReference; fileEncoding = 4; lastKnownFileType = sourcecode.c.objc; path = MNetUserTests.m; sourceTree = "<group>"; };
		AEA2C87A1F13539D00DEB792 /* MNetAdxResponse.json */ = {isa = PBXFileReference; fileEncoding = 4; lastKnownFileType = text.json; path = MNetAdxResponse.json; sourceTree = "<group>"; };
		AEA759D01EAF43350071701D /* MNetTestBannerNoAd.m */ = {isa = PBXFileReference; fileEncoding = 4; lastKnownFileType = sourcecode.c.objc; path = MNetTestBannerNoAd.m; sourceTree = "<group>"; };
		AEA759D21EAF440B0071701D /* noAdResponse.json */ = {isa = PBXFileReference; fileEncoding = 4; lastKnownFileType = text.json; path = noAdResponse.json; sourceTree = "<group>"; };
		AEA759D61EAF4C640071701D /* MNetTestInterstitialLoad.m */ = {isa = PBXFileReference; fileEncoding = 4; lastKnownFileType = sourcecode.c.objc; path = MNetTestInterstitialLoad.m; sourceTree = "<group>"; };
		AEA759DA1EAF4CA60071701D /* MNetTestInterstitialIncomplete.m */ = {isa = PBXFileReference; fileEncoding = 4; lastKnownFileType = sourcecode.c.objc; path = MNetTestInterstitialIncomplete.m; sourceTree = "<group>"; };
		AEA759DC1EAF4CC30071701D /* MNetTestInterstitialNoAd.m */ = {isa = PBXFileReference; fileEncoding = 4; lastKnownFileType = sourcecode.c.objc; path = MNetTestInterstitialNoAd.m; sourceTree = "<group>"; };
		AEA759DE1EAF55C80071701D /* adResponseBanner300x250.json */ = {isa = PBXFileReference; fileEncoding = 4; lastKnownFileType = text.json; path = adResponseBanner300x250.json; sourceTree = "<group>"; };
		AEAC3D8B1F6B34B4002213A6 /* MNetPredictBidsRelayResponse.json */ = {isa = PBXFileReference; fileEncoding = 4; lastKnownFileType = text.json; path = MNetPredictBidsRelayResponse.json; sourceTree = "<group>"; };
		AEAE57B21EAFCF1A00430540 /* MNetTestAdRequestFormat.m */ = {isa = PBXFileReference; fileEncoding = 4; lastKnownFileType = sourcecode.c.objc; path = MNetTestAdRequestFormat.m; sourceTree = "<group>"; };
		AEB5AE811F1511910055C58A /* MNetHBFilterTest.m */ = {isa = PBXFileReference; fileEncoding = 4; lastKnownFileType = sourcecode.c.objc; path = MNetHBFilterTest.m; sourceTree = "<group>"; };
		AEC8DDF31F9F5B3200912901 /* MNetAuctionLoggerManagerTests.m */ = {isa = PBXFileReference; lastKnownFileType = sourcecode.c.objc; path = MNetAuctionLoggerManagerTests.m; sourceTree = "<group>"; };
		AEC914481FEA37D300E58EA5 /* MNetTestChildContentRequests.m */ = {isa = PBXFileReference; lastKnownFileType = sourcecode.c.objc; path = MNetTestChildContentRequests.m; sourceTree = "<group>"; };
		AEC9144A1FEA61D900E58EA5 /* MNetPulseRegulationTests.m */ = {isa = PBXFileReference; lastKnownFileType = sourcecode.c.objc; path = MNetPulseRegulationTests.m; sourceTree = "<group>"; };
		AED94DEE1E72DF7300470329 /* MNDemoConstants.h */ = {isa = PBXFileReference; fileEncoding = 4; lastKnownFileType = sourcecode.c.h; path = MNDemoConstants.h; sourceTree = "<group>"; };
		AED94DEF1E72DF7300470329 /* MNDemoConstants.m */ = {isa = PBXFileReference; fileEncoding = 4; lastKnownFileType = sourcecode.c.objc; path = MNDemoConstants.m; sourceTree = "<group>"; };
		AEDA10281F28779E00A28A6F /* MNetURLTests.m */ = {isa = PBXFileReference; fileEncoding = 4; lastKnownFileType = sourcecode.c.objc; path = MNetURLTests.m; sourceTree = "<group>"; };
		AEDC59511F324A5800228A69 /* MNetSampleModelClass.h */ = {isa = PBXFileReference; fileEncoding = 4; lastKnownFileType = sourcecode.c.h; path = MNetSampleModelClass.h; sourceTree = "<group>"; };
		AEDC59521F324A5800228A69 /* MNetSampleModelClass.m */ = {isa = PBXFileReference; fileEncoding = 4; lastKnownFileType = sourcecode.c.objc; path = MNetSampleModelClass.m; sourceTree = "<group>"; };
		AEDC59541F324D2000228A69 /* MNetSampleJSONContent.json */ = {isa = PBXFileReference; fileEncoding = 4; lastKnownFileType = text.json; path = MNetSampleJSONContent.json; sourceTree = "<group>"; };
		AEDC59561F3260B200228A69 /* MNetBidResponse.json */ = {isa = PBXFileReference; fileEncoding = 4; lastKnownFileType = text.json; path = MNetBidResponse.json; sourceTree = "<group>"; };
		AEF8F4B31F8B8A9C00F1D4DE /* MNetMacroManagerTests.m */ = {isa = PBXFileReference; fileEncoding = 4; lastKnownFileType = sourcecode.c.objc; path = MNetMacroManagerTests.m; sourceTree = "<group>"; };
		AEFC29821F2B419E004A5F93 /* MNetVideoWithBannerDelegates.m */ = {isa = PBXFileReference; fileEncoding = 4; lastKnownFileType = sourcecode.c.objc; path = MNetVideoWithBannerDelegates.m; sourceTree = "<group>"; };
		C0113688D2A91095D90F0AD8 /* LICENSE */ = {isa = PBXFileReference; includeInIndex = 1; lastKnownFileType = text; name = LICENSE; path = ../LICENSE; sourceTree = "<group>"; };
		E1B78D3F7E744283061DA145 /* Pods_MNAdSdk_Example.framework */ = {isa = PBXFileReference; explicitFileType = wrapper.framework; includeInIndex = 0; path = Pods_MNAdSdk_Example.framework; sourceTree = BUILT_PRODUCTS_DIR; };
		F790549A7CB496D08280AE0A /* Pods-MNAdSdk_Tests.debug.xcconfig */ = {isa = PBXFileReference; includeInIndex = 1; lastKnownFileType = text.xcconfig; name = "Pods-MNAdSdk_Tests.debug.xcconfig"; path = "Pods/Target Support Files/Pods-MNAdSdk_Tests/Pods-MNAdSdk_Tests.debug.xcconfig"; sourceTree = "<group>"; };
/* End PBXFileReference section */

/* Begin PBXFrameworksBuildPhase section */
		6003F587195388D20070C39A /* Frameworks */ = {
			isa = PBXFrameworksBuildPhase;
			buildActionMask = 2147483647;
			files = (
				AE47A8F41E699C2D00B6E5E8 /* CoreLocation.framework in Frameworks */,
				AE3D8B051EF952B100CC80F0 /* StoreKit.framework in Frameworks */,
				6003F590195388D20070C39A /* CoreGraphics.framework in Frameworks */,
				6003F592195388D20070C39A /* UIKit.framework in Frameworks */,
				AE3D8B031EF9526800CC80F0 /* GameKit.framework in Frameworks */,
				6003F58E195388D20070C39A /* Foundation.framework in Frameworks */,
				07623808726413915A2E6AF7 /* Pods_MNAdSdk_Example.framework in Frameworks */,
			);
			runOnlyForDeploymentPostprocessing = 0;
		};
		6003F5AB195388D20070C39A /* Frameworks */ = {
			isa = PBXFrameworksBuildPhase;
			buildActionMask = 2147483647;
			files = (
				6003F5B0195388D20070C39A /* XCTest.framework in Frameworks */,
				6003F5B2195388D20070C39A /* UIKit.framework in Frameworks */,
				6003F5B1195388D20070C39A /* Foundation.framework in Frameworks */,
				1088C576D389AC8BE3B950CF /* Pods_MNAdSdk_Tests.framework in Frameworks */,
			);
			runOnlyForDeploymentPostprocessing = 0;
		};
/* End PBXFrameworksBuildPhase section */

/* Begin PBXGroup section */
		6003F581195388D10070C39A = {
			isa = PBXGroup;
			children = (
				AE2FF7E21ED2F894006261E6 /* MNAdSDKDemo.entitlements */,
				60FF7A9C1954A5C5007DD14C /* Podspec Metadata */,
				6003F593195388D20070C39A /* Example for MNAdSdk */,
				6003F5B5195388D20070C39A /* Tests */,
				6003F58C195388D20070C39A /* Frameworks */,
				6003F58B195388D20070C39A /* Products */,
				F9D1D932C09E8B7C1D219359 /* Pods */,
			);
			indentWidth = 4;
			sourceTree = "<group>";
		};
		6003F58B195388D20070C39A /* Products */ = {
			isa = PBXGroup;
			children = (
				6003F58A195388D20070C39A /* MNAdSDKDemo.app */,
				6003F5AE195388D20070C39A /* MNAdSdk_Tests.xctest */,
			);
			name = Products;
			sourceTree = "<group>";
		};
		6003F58C195388D20070C39A /* Frameworks */ = {
			isa = PBXGroup;
			children = (
				AE3D8B041EF952B100CC80F0 /* StoreKit.framework */,
				AE3D8B021EF9526800CC80F0 /* GameKit.framework */,
				AE47A8F31E699C2D00B6E5E8 /* CoreLocation.framework */,
				658E843E1E56F21E00F29110 /* AFNetworking.framework */,
				8A346A3B1E56F213004013FE /* AFNetworking.framework */,
				6003F58D195388D20070C39A /* Foundation.framework */,
				6003F58F195388D20070C39A /* CoreGraphics.framework */,
				6003F591195388D20070C39A /* UIKit.framework */,
				6003F5AF195388D20070C39A /* XCTest.framework */,
				E1B78D3F7E744283061DA145 /* Pods_MNAdSdk_Example.framework */,
				1598FA95424A2997D8A3BB8D /* Pods_MNAdSdk_Tests.framework */,
			);
			name = Frameworks;
			sourceTree = "<group>";
		};
		6003F593195388D20070C39A /* Example for MNAdSdk */ = {
			isa = PBXGroup;
			children = (
				6003F59C195388D20070C39A /* MNAppDelegate.h */,
				6003F59D195388D20070C39A /* MNAppDelegate.m */,
				873B8AEA1B1F5CCA007FD442 /* Main.storyboard */,
				6003F5A5195388D20070C39A /* MNViewController.h */,
				6003F5A6195388D20070C39A /* MNViewController.m */,
				71719F9D1E33DC2100824A3D /* LaunchScreen.storyboard */,
				6003F5A8195388D20070C39A /* Images.xcassets */,
				6003F594195388D20070C39A /* Supporting Files */,
				8A007A641E55B1D50006E667 /* MNShowAdViewController.h */,
				8A007A651E55B1D50006E667 /* MNShowAdViewController.m */,
				AED94DEE1E72DF7300470329 /* MNDemoConstants.h */,
				AED94DEF1E72DF7300470329 /* MNDemoConstants.m */,
				8A4476192029A73E00F43F18 /* MNURLConfigViewController.h */,
				8A44761A2029A73E00F43F18 /* MNURLConfigViewController.m */,
				8A3C5372202AF9B0004B5550 /* MNAdSdkURLManager.h */,
				8A3C5373202AF9B0004B5550 /* MNAdSdkURLManager.m */,
			);
			name = "Example for MNAdSdk";
			path = MNAdSdk;
			sourceTree = "<group>";
		};
		6003F594195388D20070C39A /* Supporting Files */ = {
			isa = PBXGroup;
			children = (
				6003F595195388D20070C39A /* MNAdSdk-Info.plist */,
				6003F596195388D20070C39A /* InfoPlist.strings */,
				6003F599195388D20070C39A /* main.m */,
				6003F59B195388D20070C39A /* MNAdSdk-Prefix.pch */,
			);
			name = "Supporting Files";
			sourceTree = "<group>";
		};
		6003F5B5195388D20070C39A /* Tests */ = {
			isa = PBXGroup;
			children = (
				AE0DFF2D2032CDA700FA23DC /* MNetErrorTests */,
				AE3F5B001FF3919E00FEBE12 /* MNetDefaultBidsTests */,
				AE8DD68F1FB0DB3A00EC453A /* MNetHbTests */,
				AE8C291D1F9F220C005058FB /* MNetAuctionLoggerRequestTests */,
				AE5CBE091F96885100E6DB37 /* MNetClientAuctions */,
				AEF8F4B21F8B8A7E00F1D4DE /* MNetMacroManagetTests */,
				AE37516B1F862FD700DB2BA7 /* MNetTpdBidsReuse */,
				AE423EFE1F6FCF0B00EDF1DE /* MNetPrefetchBidsTests */,
				AE699B2D1F6B314700D4867B /* MNetResponseParserTests */,
				AE8864BD1F69B7AE00D04C5A /* MNetAdLoaderTests */,
				8A4CBFC81F668798009CCB02 /* MNetAdViewReuseTests */,
				AE0FBDC51F614A9C003435F7 /* MNetBidStoreTests */,
				AE0AE4B11F66800B0008B282 /* MNetPrefetchRequestsTests */,
				AE12772D1F5E9C6600450657 /* MNetAppLinkTests */,
				AE9EED311F3476B800C00C15 /* MNetUserTests */,
				AE533AC01F31AD4200AC145D /* MNetAppContents */,
				AE59CD081F2B7A3400704798 /* MNetJSONTests */,
				AE5754CA1F2A16B900D55E93 /* MNetHttpClientTests */,
				AEDA10271F28778500A28A6F /* MNetURL */,
				AE4A8BC41F2716F100295139 /* MNetPulseTests */,
				AE8897881F174F58009C60B2 /* MNetSdkConfigTests */,
				AEB5AE801F1511640055C58A /* MNetHBFilter */,
				AE2B50141F0AC3C200E7D804 /* MNetAnalyticsTests */,
				AE7D62151EBC7E3B00154D42 /* MNetUtils */,
				8A39B1A51EAF63B500F2915F /* MNetVideoAdTests */,
				AEAE57B11EAFCEF700430540 /* MNetAdRequests */,
				AEA759D51EAF4C3D0071701D /* MNetInterstitialAdTests */,
				AE75A4961EAEA24A00B782D5 /* TestAssets */,
				AED315501EAE898E000A2825 /* MNetBannerAdTests */,
				6003F5B6195388D20070C39A /* Supporting Files */,
				8AEF2CBD1EAE2E6F00BAE4DE /* MNetVASTParserTest.m */,
				AE33C8FE1EAE9064003BF9ED /* XCTest+MNetTestUtils.h */,
				AE33C8FF1EAE9064003BF9ED /* XCTest+MNetTestUtils.m */,
				AE5548911F2B10D80087ADD1 /* MNetTestManager.h */,
				AE5548921F2B10D80087ADD1 /* MNetTestManager.m */,
			);
			path = Tests;
			sourceTree = "<group>";
		};
		6003F5B6195388D20070C39A /* Supporting Files */ = {
			isa = PBXGroup;
			children = (
				6003F5B7195388D20070C39A /* Tests-Info.plist */,
				6003F5B8195388D20070C39A /* InfoPlist.strings */,
				606FC2411953D9B200FFA9A0 /* Tests-Prefix.pch */,
			);
			name = "Supporting Files";
			sourceTree = "<group>";
		};
		60FF7A9C1954A5C5007DD14C /* Podspec Metadata */ = {
			isa = PBXGroup;
			children = (
				75A018B7A97D83671E0083E7 /* MNAdSdk.podspec */,
				3CFFBA2A88C60BD841B35E20 /* README.md */,
				C0113688D2A91095D90F0AD8 /* LICENSE */,
			);
			name = "Podspec Metadata";
			sourceTree = "<group>";
		};
		8A34F3961EAE32F300144B72 /* VastXML */ = {
			isa = PBXGroup;
			children = (
				8A34F3941EAE32D600144B72 /* vast-linear.xml */,
				8A34F39C1EAE37EB00144B72 /* vast-linear-inline.xml */,
				8ACD24901FDE80A400ABDDC3 /* vast-wrapper-linear.xml */,
				8A6291411FDFB742008DD9F9 /* vast-multi-wrapper.xml */,
				8AA4105920440C5F00299D67 /* vast-linear-trackers.xml */,
			);
			name = VastXML;
			sourceTree = "<group>";
		};
		8A39B1A51EAF63B500F2915F /* MNetVideoAdTests */ = {
			isa = PBXGroup;
			children = (
				8A39B1A61EAF63CE00F2915F /* MNetTestVideoLoad.m */,
				8A70D3EC1EB092DA00F4B63E /* MNetTestRewardedVideo.m */,
				8A70D3F31EB09A0700F4B63E /* MNetTestInterstitialVideo.m */,
				AEFC29821F2B419E004A5F93 /* MNetVideoWithBannerDelegates.m */,
				AE8328CF1F2B489200757B25 /* MNetVideoInterstitialWithBannerDelegates.m */,
			);
			name = MNetVideoAdTests;
			sourceTree = "<group>";
		};
		8A4CBFC81F668798009CCB02 /* MNetAdViewReuseTests */ = {
			isa = PBXGroup;
			children = (
				8A4CBFCB1F668B47009CCB02 /* MNetAdViewReuseRepositoryTests.m */,
			);
			name = MNetAdViewReuseTests;
			sourceTree = "<group>";
		};
		AE0AE4B11F66800B0008B282 /* MNetPrefetchRequestsTests */ = {
			isa = PBXGroup;
			children = (
				AE0AE4B21F6680280008B282 /* MNetPrefetchTests.m */,
			);
			name = MNetPrefetchRequestsTests;
			sourceTree = "<group>";
		};
		AE0DFF2D2032CDA700FA23DC /* MNetErrorTests */ = {
			isa = PBXGroup;
			children = (
				AE0DFF2E2032CDC000FA23DC /* MNetErrorTests.m */,
			);
			name = MNetErrorTests;
			sourceTree = "<group>";
		};
		AE0FBDC51F614A9C003435F7 /* MNetBidStoreTests */ = {
			isa = PBXGroup;
			children = (
				AE0FBDC61F614AB9003435F7 /* MNetBidStoreTests.m */,
			);
			name = MNetBidStoreTests;
			sourceTree = "<group>";
		};
		AE12772D1F5E9C6600450657 /* MNetAppLinkTests */ = {
			isa = PBXGroup;
			children = (
				AE12772E1F5E9C8900450657 /* MNetAppLinkTests.m */,
				8AE0013D1FE8E4C500D57CA9 /* MNetContextLinkTests.m */,
			);
			name = MNetAppLinkTests;
			sourceTree = "<group>";
		};
		AE2B50141F0AC3C200E7D804 /* MNetAnalyticsTests */ = {
			isa = PBXGroup;
			children = (
				AE2B50151F0AC3EA00E7D804 /* MNetAdAnalyticsLoggingTests.m */,
			);
			name = MNetAnalyticsTests;
			sourceTree = "<group>";
		};
		AE37516B1F862FD700DB2BA7 /* MNetTpdBidsReuse */ = {
			isa = PBXGroup;
			children = (
				AE37516C1F862FF600DB2BA7 /* MNetTpdBidReuse.m */,
				AE37516E1F86425400DB2BA7 /* MNetTpdReusePrefetch.m */,
				AE3751701F865C1B00DB2BA7 /* MNetTpdReusePrefetchTimeout.m */,
			);
			name = MNetTpdBidsReuse;
			sourceTree = "<group>";
		};
		AE3F5B001FF3919E00FEBE12 /* MNetDefaultBidsTests */ = {
			isa = PBXGroup;
			children = (
				AE3F5B011FF391BF00FEBE12 /* MNetDefaultBidsManagerTests.m */,
			);
			name = MNetDefaultBidsTests;
			sourceTree = "<group>";
		};
		AE423EFE1F6FCF0B00EDF1DE /* MNetPrefetchBidsTests */ = {
			isa = PBXGroup;
			children = (
				AE423EFF1F6FCF3200EDF1DE /* MNetPrefetchBidsTests.m */,
			);
			name = MNetPrefetchBidsTests;
			sourceTree = "<group>";
		};
		AE4A8BC41F2716F100295139 /* MNetPulseTests */ = {
			isa = PBXGroup;
			children = (
				AE4A8BC51F27174A00295139 /* MNetPulseStoreTests.m */,
				AEC9144A1FEA61D900E58EA5 /* MNetPulseRegulationTests.m */,
			);
			name = MNetPulseTests;
			sourceTree = "<group>";
		};
		AE533AC01F31AD4200AC145D /* MNetAppContents */ = {
			isa = PBXGroup;
			children = (
				AE533AC11F31AD6100AC145D /* MNetAppContentManagerTest.m */,
			);
			name = MNetAppContents;
			sourceTree = "<group>";
		};
		AE5754CA1F2A16B900D55E93 /* MNetHttpClientTests */ = {
			isa = PBXGroup;
			children = (
				AE5754CB1F2A16DA00D55E93 /* MNetHttpClientTests.m */,
			);
			name = MNetHttpClientTests;
			sourceTree = "<group>";
		};
		AE59CD081F2B7A3400704798 /* MNetJSONTests */ = {
			isa = PBXGroup;
			children = (
				AE59CD091F2B7A5800704798 /* MNetJSONToObjectParserTests.m */,
				AEDC59511F324A5800228A69 /* MNetSampleModelClass.h */,
				AEDC59521F324A5800228A69 /* MNetSampleModelClass.m */,
			);
			name = MNetJSONTests;
			sourceTree = "<group>";
		};
		AE5CBE091F96885100E6DB37 /* MNetClientAuctions */ = {
			isa = PBXGroup;
			children = (
				AE5CBE0A1F96887600E6DB37 /* MNetAuctionTests.m */,
			);
			name = MNetClientAuctions;
			sourceTree = "<group>";
		};
		AE699B2D1F6B314700D4867B /* MNetResponseParserTests */ = {
			isa = PBXGroup;
			children = (
				AE699B2E1F6B316500D4867B /* MNetResponseParserPredictBidsTest.m */,
			);
			name = MNetResponseParserTests;
			sourceTree = "<group>";
		};
		AE75A4961EAEA24A00B782D5 /* TestAssets */ = {
			isa = PBXGroup;
			children = (
				8A34F3961EAE32F300144B72 /* VastXML */,
				AEA759D21EAF440B0071701D /* noAdResponse.json */,
				AE59CD0B1F2BC0A400704798 /* MNetSampleRequest.json */,
				AE75A4971EAEA27C00B782D5 /* adResponseBanner320x50.json */,
				AEA759DE1EAF55C80071701D /* adResponseBanner300x250.json */,
				8A39B1A81EAF6AD600F2915F /* adResponseVideo320x250.json */,
				8A70D3EE1EB0970C00F4B63E /* rewardedResponseVideo320x250.json */,
				AEA2C87A1F13539D00DEB792 /* MNetAdxResponse.json */,
				AE8F83411F136D58001D9E48 /* MNetSdkConfigResponse.json */,
				AEDC59541F324D2000228A69 /* MNetSampleJSONContent.json */,
				AEDC59561F3260B200228A69 /* MNetBidResponse.json */,
				AEAC3D8B1F6B34B4002213A6 /* MNetPredictBidsRelayResponse.json */,
				AE7E9C9E1FE3BE30008AE492 /* adResponseBannerAdUrl320x50.json */,
			);
			name = TestAssets;
			sourceTree = "<group>";
		};
		AE7D62151EBC7E3B00154D42 /* MNetUtils */ = {
			isa = PBXGroup;
			children = (
				AE7D62161EBC7E5D00154D42 /* MNetTestUtils.m */,
			);
			name = MNetUtils;
			sourceTree = "<group>";
		};
		AE8864BD1F69B7AE00D04C5A /* MNetAdLoaderTests */ = {
			isa = PBXGroup;
			children = (
				AE8864BE1F69B7F400D04C5A /* MNetAdLoaderTests.m */,
			);
			name = MNetAdLoaderTests;
			sourceTree = "<group>";
		};
		AE8897881F174F58009C60B2 /* MNetSdkConfigTests */ = {
			isa = PBXGroup;
			children = (
				AE8897891F174F82009C60B2 /* MNetSdkConfigTests.m */,
			);
			name = MNetSdkConfigTests;
			sourceTree = "<group>";
		};
		AE8C291D1F9F220C005058FB /* MNetAuctionLoggerRequestTests */ = {
			isa = PBXGroup;
			children = (
				AE8C291E1F9F222F005058FB /* MNetAuctionLoggerModelTests.m */,
				AEC8DDF31F9F5B3200912901 /* MNetAuctionLoggerManagerTests.m */,
			);
			name = MNetAuctionLoggerRequestTests;
			sourceTree = "<group>";
		};
		AE8DD68F1FB0DB3A00EC453A /* MNetHbTests */ = {
			isa = PBXGroup;
			children = (
				AE8DD6901FB0DB4E00EC453A /* MNetHbTests.m */,
			);
			name = MNetHbTests;
			sourceTree = "<group>";
		};
		AE9EED311F3476B800C00C15 /* MNetUserTests */ = {
			isa = PBXGroup;
			children = (
				AE9EED321F3476D700C00C15 /* MNetUserTests.m */,
			);
			name = MNetUserTests;
			sourceTree = "<group>";
		};
		AEA759D51EAF4C3D0071701D /* MNetInterstitialAdTests */ = {
			isa = PBXGroup;
			children = (
				AEA759D61EAF4C640071701D /* MNetTestInterstitialLoad.m */,
				AEA759DA1EAF4CA60071701D /* MNetTestInterstitialIncomplete.m */,
				AEA759DC1EAF4CC30071701D /* MNetTestInterstitialNoAd.m */,
			);
			name = MNetInterstitialAdTests;
			sourceTree = "<group>";
		};
		AEAE57B11EAFCEF700430540 /* MNetAdRequests */ = {
			isa = PBXGroup;
			children = (
				AEAE57B21EAFCF1A00430540 /* MNetTestAdRequestFormat.m */,
				AEC914481FEA37D300E58EA5 /* MNetTestChildContentRequests.m */,
			);
			name = MNetAdRequests;
			sourceTree = "<group>";
		};
		AEB5AE801F1511640055C58A /* MNetHBFilter */ = {
			isa = PBXGroup;
			children = (
				AEB5AE811F1511910055C58A /* MNetHBFilterTest.m */,
			);
			name = MNetHBFilter;
			sourceTree = "<group>";
		};
		AED315501EAE898E000A2825 /* MNetBannerAdTests */ = {
			isa = PBXGroup;
			children = (
				AE8682491EAE7FCB00C00F28 /* MNetTestBannerSansParent.m */,
				AE1241041EAE94CC00EED2F4 /* MNetTestBannerIncomplete.m */,
				AE75A4941EAE9D8D00B782D5 /* MNetTestBannerLoad.m */,
				AEA759D01EAF43350071701D /* MNetTestBannerNoAd.m */,
				AE659E5920356A0E004BA739 /* MNetTestUserRequests.m */,
			);
			name = MNetBannerAdTests;
			sourceTree = "<group>";
		};
		AEDA10271F28778500A28A6F /* MNetURL */ = {
			isa = PBXGroup;
			children = (
				AEDA10281F28779E00A28A6F /* MNetURLTests.m */,
			);
			name = MNetURL;
			sourceTree = "<group>";
		};
		AEF8F4B21F8B8A7E00F1D4DE /* MNetMacroManagetTests */ = {
			isa = PBXGroup;
			children = (
				AEF8F4B31F8B8A9C00F1D4DE /* MNetMacroManagerTests.m */,
			);
			name = MNetMacroManagetTests;
			sourceTree = "<group>";
		};
		F9D1D932C09E8B7C1D219359 /* Pods */ = {
			isa = PBXGroup;
			children = (
				7A3FF8073DE49C63EF37C1DA /* Pods-MNAdSdk_Example.debug.xcconfig */,
				825309605DB4AFD0FE3E08C2 /* Pods-MNAdSdk_Example.release.xcconfig */,
				F790549A7CB496D08280AE0A /* Pods-MNAdSdk_Tests.debug.xcconfig */,
				5CF5A95E8555E332C43DF466 /* Pods-MNAdSdk_Tests.release.xcconfig */,
			);
			name = Pods;
			sourceTree = "<group>";
		};
/* End PBXGroup section */

/* Begin PBXNativeTarget section */
		6003F589195388D20070C39A /* MNAdSdk_Example */ = {
			isa = PBXNativeTarget;
			buildConfigurationList = 6003F5BF195388D20070C39A /* Build configuration list for PBXNativeTarget "MNAdSdk_Example" */;
			buildPhases = (
				58E3EF3563550E6095A58749 /* [CP] Check Pods Manifest.lock */,
				6003F586195388D20070C39A /* Sources */,
				6003F587195388D20070C39A /* Frameworks */,
				6003F588195388D20070C39A /* Resources */,
				F920EC4B4B25AFC7DCDB6312 /* [CP] Embed Pods Frameworks */,
				245D6A5296F3FA40E89CE534 /* [CP] Copy Pods Resources */,
			);
			buildRules = (
			);
			dependencies = (
			);
			name = MNAdSdk_Example;
			productName = MNAdSdk;
			productReference = 6003F58A195388D20070C39A /* MNAdSDKDemo.app */;
			productType = "com.apple.product-type.application";
		};
		6003F5AD195388D20070C39A /* MNAdSdk_Tests */ = {
			isa = PBXNativeTarget;
			buildConfigurationList = 6003F5C2195388D20070C39A /* Build configuration list for PBXNativeTarget "MNAdSdk_Tests" */;
			buildPhases = (
				D52BEFED19137017DCA7C015 /* [CP] Check Pods Manifest.lock */,
				6003F5AA195388D20070C39A /* Sources */,
				6003F5AB195388D20070C39A /* Frameworks */,
				6003F5AC195388D20070C39A /* Resources */,
				03F998CD8541CA887B8BE93F /* [CP] Embed Pods Frameworks */,
				DD77678351CA080044C74E43 /* [CP] Copy Pods Resources */,
			);
			buildRules = (
			);
			dependencies = (
				6003F5B4195388D20070C39A /* PBXTargetDependency */,
			);
			name = MNAdSdk_Tests;
			productName = MNAdSdkTests;
			productReference = 6003F5AE195388D20070C39A /* MNAdSdk_Tests.xctest */;
			productType = "com.apple.product-type.bundle.unit-test";
		};
/* End PBXNativeTarget section */

/* Begin PBXProject section */
		6003F582195388D10070C39A /* Project object */ = {
			isa = PBXProject;
			attributes = {
				CLASSPREFIX = MN;
				LastUpgradeCheck = 0820;
				ORGANIZATIONNAME = Nithin;
				TargetAttributes = {
					6003F589195388D20070C39A = {
						DevelopmentTeam = PF48527554;
						ProvisioningStyle = Automatic;
						SystemCapabilities = {
							com.apple.GameCenter = {
								enabled = 1;
							};
							com.apple.InAppPurchase = {
								enabled = 1;
							};
							com.apple.Keychain = {
								enabled = 1;
							};
							com.apple.Push = {
								enabled = 1;
							};
							com.apple.SafariKeychain = {
								enabled = 1;
							};
							com.apple.iCloud = {
								enabled = 1;
							};
						};
					};
					6003F5AD195388D20070C39A = {
						TestTargetID = 6003F589195388D20070C39A;
					};
				};
			};
			buildConfigurationList = 6003F585195388D10070C39A /* Build configuration list for PBXProject "MNAdSdk" */;
			compatibilityVersion = "Xcode 3.2";
			developmentRegion = English;
			hasScannedForEncodings = 0;
			knownRegions = (
				en,
				Base,
			);
			mainGroup = 6003F581195388D10070C39A;
			productRefGroup = 6003F58B195388D20070C39A /* Products */;
			projectDirPath = "";
			projectRoot = "";
			targets = (
				6003F589195388D20070C39A /* MNAdSdk_Example */,
				6003F5AD195388D20070C39A /* MNAdSdk_Tests */,
			);
		};
/* End PBXProject section */

/* Begin PBXResourcesBuildPhase section */
		6003F588195388D20070C39A /* Resources */ = {
			isa = PBXResourcesBuildPhase;
			buildActionMask = 2147483647;
			files = (
				873B8AEB1B1F5CCA007FD442 /* Main.storyboard in Resources */,
				71719F9F1E33DC2100824A3D /* LaunchScreen.storyboard in Resources */,
				6003F5A9195388D20070C39A /* Images.xcassets in Resources */,
				6003F598195388D20070C39A /* InfoPlist.strings in Resources */,
			);
			runOnlyForDeploymentPostprocessing = 0;
		};
		6003F5AC195388D20070C39A /* Resources */ = {
			isa = PBXResourcesBuildPhase;
			buildActionMask = 2147483647;
			files = (
				8A70D3F01EB0984800F4B63E /* rewardedResponseVideo320x250.json in Resources */,
				8AA4105A20440C5F00299D67 /* vast-linear-trackers.xml in Resources */,
				8A49676E1EAF873C0032C550 /* adResponseVideo320x250.json in Resources */,
				AEA759DF1EAF55C80071701D /* adResponseBanner300x250.json in Resources */,
				8ACD24911FDE80A400ABDDC3 /* vast-wrapper-linear.xml in Resources */,
				AEA759D41EAF44330071701D /* noAdResponse.json in Resources */,
				AEA2C87B1F13539D00DEB792 /* MNetAdxResponse.json in Resources */,
				AEDC59571F3260B200228A69 /* MNetBidResponse.json in Resources */,
				AE59CD0C1F2BC0A400704798 /* MNetSampleRequest.json in Resources */,
				AE75A4991EAEA5C700B782D5 /* adResponseBanner320x50.json in Resources */,
				8A6291421FDFB742008DD9F9 /* vast-multi-wrapper.xml in Resources */,
				AEAC3D8C1F6B34B4002213A6 /* MNetPredictBidsRelayResponse.json in Resources */,
				8A34F3951EAE32D600144B72 /* vast-linear.xml in Resources */,
				8A34F39D1EAE37EB00144B72 /* vast-linear-inline.xml in Resources */,
				AEDC59551F324D2000228A69 /* MNetSampleJSONContent.json in Resources */,
				6003F5BA195388D20070C39A /* InfoPlist.strings in Resources */,
				AE8F83421F136D58001D9E48 /* MNetSdkConfigResponse.json in Resources */,
				AE7E9C9F1FE3BE30008AE492 /* adResponseBannerAdUrl320x50.json in Resources */,
			);
			runOnlyForDeploymentPostprocessing = 0;
		};
/* End PBXResourcesBuildPhase section */

/* Begin PBXShellScriptBuildPhase section */
		03F998CD8541CA887B8BE93F /* [CP] Embed Pods Frameworks */ = {
			isa = PBXShellScriptBuildPhase;
			buildActionMask = 2147483647;
			files = (
			);
			inputPaths = (
				"${SRCROOT}/Pods/Target Support Files/Pods-MNAdSdk_Tests/Pods-MNAdSdk_Tests-frameworks.sh",
				"${BUILT_PRODUCTS_DIR}/Nocilla/Nocilla.framework",
			);
			name = "[CP] Embed Pods Frameworks";
			outputPaths = (
				"${TARGET_BUILD_DIR}/${FRAMEWORKS_FOLDER_PATH}/Nocilla.framework",
			);
			runOnlyForDeploymentPostprocessing = 0;
			shellPath = /bin/sh;
			shellScript = "\"${SRCROOT}/Pods/Target Support Files/Pods-MNAdSdk_Tests/Pods-MNAdSdk_Tests-frameworks.sh\"\n";
			showEnvVarsInLog = 0;
		};
		245D6A5296F3FA40E89CE534 /* [CP] Copy Pods Resources */ = {
			isa = PBXShellScriptBuildPhase;
			buildActionMask = 2147483647;
			files = (
			);
			inputPaths = (
				"${SRCROOT}/Pods/Target Support Files/Pods-MNAdSdk_Example/Pods-MNAdSdk_Example-resources.sh",
				"${PODS_ROOT}/../../MNetAdSdk/ios/MNetAdSdk.framework/Versions/A/Resources/mraid.js",
			);
			name = "[CP] Copy Pods Resources";
			outputPaths = (
				"${TARGET_BUILD_DIR}/${UNLOCALIZED_RESOURCES_FOLDER_PATH}",
			);
			runOnlyForDeploymentPostprocessing = 0;
			shellPath = /bin/sh;
			shellScript = "\"${SRCROOT}/Pods/Target Support Files/Pods-MNAdSdk_Example/Pods-MNAdSdk_Example-resources.sh\"\n";
			showEnvVarsInLog = 0;
		};
		58E3EF3563550E6095A58749 /* [CP] Check Pods Manifest.lock */ = {
			isa = PBXShellScriptBuildPhase;
			buildActionMask = 2147483647;
			files = (
			);
			inputPaths = (
				"${PODS_PODFILE_DIR_PATH}/Podfile.lock",
				"${PODS_ROOT}/Manifest.lock",
			);
			name = "[CP] Check Pods Manifest.lock";
			outputPaths = (
				"$(DERIVED_FILE_DIR)/Pods-MNAdSdk_Example-checkManifestLockResult.txt",
			);
			runOnlyForDeploymentPostprocessing = 0;
			shellPath = /bin/sh;
			shellScript = "diff \"${PODS_PODFILE_DIR_PATH}/Podfile.lock\" \"${PODS_ROOT}/Manifest.lock\" > /dev/null\nif [ $? != 0 ] ; then\n    # print error to STDERR\n    echo \"error: The sandbox is not in sync with the Podfile.lock. Run 'pod install' or update your CocoaPods installation.\" >&2\n    exit 1\nfi\n# This output is used by Xcode 'outputs' to avoid re-running this script phase.\necho \"SUCCESS\" > \"${SCRIPT_OUTPUT_FILE_0}\"\n";
			showEnvVarsInLog = 0;
		};
		D52BEFED19137017DCA7C015 /* [CP] Check Pods Manifest.lock */ = {
			isa = PBXShellScriptBuildPhase;
			buildActionMask = 2147483647;
			files = (
			);
			inputPaths = (
				"${PODS_PODFILE_DIR_PATH}/Podfile.lock",
				"${PODS_ROOT}/Manifest.lock",
			);
			name = "[CP] Check Pods Manifest.lock";
			outputPaths = (
				"$(DERIVED_FILE_DIR)/Pods-MNAdSdk_Tests-checkManifestLockResult.txt",
			);
			runOnlyForDeploymentPostprocessing = 0;
			shellPath = /bin/sh;
			shellScript = "diff \"${PODS_PODFILE_DIR_PATH}/Podfile.lock\" \"${PODS_ROOT}/Manifest.lock\" > /dev/null\nif [ $? != 0 ] ; then\n    # print error to STDERR\n    echo \"error: The sandbox is not in sync with the Podfile.lock. Run 'pod install' or update your CocoaPods installation.\" >&2\n    exit 1\nfi\n# This output is used by Xcode 'outputs' to avoid re-running this script phase.\necho \"SUCCESS\" > \"${SCRIPT_OUTPUT_FILE_0}\"\n";
			showEnvVarsInLog = 0;
		};
		DD77678351CA080044C74E43 /* [CP] Copy Pods Resources */ = {
			isa = PBXShellScriptBuildPhase;
			buildActionMask = 2147483647;
			files = (
			);
			inputPaths = (
			);
			name = "[CP] Copy Pods Resources";
			outputPaths = (
			);
			runOnlyForDeploymentPostprocessing = 0;
			shellPath = /bin/sh;
			shellScript = "\"${SRCROOT}/Pods/Target Support Files/Pods-MNAdSdk_Tests/Pods-MNAdSdk_Tests-resources.sh\"\n";
			showEnvVarsInLog = 0;
		};
		F920EC4B4B25AFC7DCDB6312 /* [CP] Embed Pods Frameworks */ = {
			isa = PBXShellScriptBuildPhase;
			buildActionMask = 2147483647;
			files = (
			);
			inputPaths = (
				"${SRCROOT}/Pods/Target Support Files/Pods-MNAdSdk_Example/Pods-MNAdSdk_Example-frameworks.sh",
				"${BUILT_PRODUCTS_DIR}/GoogleToolboxForMac/GoogleToolboxForMac.framework",
				"${BUILT_PRODUCTS_DIR}/MBProgressHUD/MBProgressHUD.framework",
				"${BUILT_PRODUCTS_DIR}/Toast/Toast.framework",
				"${BUILT_PRODUCTS_DIR}/mopub-ios-sdk/MoPub.framework",
				"${BUILT_PRODUCTS_DIR}/nanopb/nanopb.framework",
			);
			name = "[CP] Embed Pods Frameworks";
			outputPaths = (
				"${TARGET_BUILD_DIR}/${FRAMEWORKS_FOLDER_PATH}/GoogleToolboxForMac.framework",
				"${TARGET_BUILD_DIR}/${FRAMEWORKS_FOLDER_PATH}/MBProgressHUD.framework",
				"${TARGET_BUILD_DIR}/${FRAMEWORKS_FOLDER_PATH}/Toast.framework",
				"${TARGET_BUILD_DIR}/${FRAMEWORKS_FOLDER_PATH}/MoPub.framework",
				"${TARGET_BUILD_DIR}/${FRAMEWORKS_FOLDER_PATH}/nanopb.framework",
			);
			runOnlyForDeploymentPostprocessing = 0;
			shellPath = /bin/sh;
			shellScript = "\"${SRCROOT}/Pods/Target Support Files/Pods-MNAdSdk_Example/Pods-MNAdSdk_Example-frameworks.sh\"\n";
			showEnvVarsInLog = 0;
		};
/* End PBXShellScriptBuildPhase section */

/* Begin PBXSourcesBuildPhase section */
		6003F586195388D20070C39A /* Sources */ = {
			isa = PBXSourcesBuildPhase;
			buildActionMask = 2147483647;
			files = (
				6003F59E195388D20070C39A /* MNAppDelegate.m in Sources */,
				AED94DF01E72DF7300470329 /* MNDemoConstants.m in Sources */,
				6003F5A7195388D20070C39A /* MNViewController.m in Sources */,
				8A3C5374202AF9B0004B5550 /* MNAdSdkURLManager.m in Sources */,
				6003F59A195388D20070C39A /* main.m in Sources */,
				8A007A661E55B1D50006E667 /* MNShowAdViewController.m in Sources */,
				8A44761B2029A73E00F43F18 /* MNURLConfigViewController.m in Sources */,
			);
			runOnlyForDeploymentPostprocessing = 0;
		};
		6003F5AA195388D20070C39A /* Sources */ = {
			isa = PBXSourcesBuildPhase;
			buildActionMask = 2147483647;
			files = (
				AE659E5A20356A0E004BA739 /* MNetTestUserRequests.m in Sources */,
				AE33C9011EAE9078003BF9ED /* XCTest+MNetTestUtils.h in Sources */,
				AEC9144B1FEA61D900E58EA5 /* MNetPulseRegulationTests.m in Sources */,
				AEC8DDF41F9F5B3200912901 /* MNetAuctionLoggerManagerTests.m in Sources */,
				AEF8F4B41F8B8A9C00F1D4DE /* MNetMacroManagerTests.m in Sources */,
				AE699B2F1F6B316500D4867B /* MNetResponseParserPredictBidsTest.m in Sources */,
				AE533AC21F31AD6100AC145D /* MNetAppContentManagerTest.m in Sources */,
				AE4A8BC61F27174A00295139 /* MNetPulseStoreTests.m in Sources */,
				AE8DD6911FB0DB4E00EC453A /* MNetHbTests.m in Sources */,
				AEB5AE821F1511910055C58A /* MNetHBFilterTest.m in Sources */,
				AE7D62171EBC7E5D00154D42 /* MNetTestUtils.m in Sources */,
				AE8328D01F2B489200757B25 /* MNetVideoInterstitialWithBannerDelegates.m in Sources */,
				AEDC59531F324A5800228A69 /* MNetSampleModelClass.m in Sources */,
				AE0AE4B31F6680280008B282 /* MNetPrefetchTests.m in Sources */,
				8A39B1A71EAF63CE00F2915F /* MNetTestVideoLoad.m in Sources */,
				AE2B50161F0AC3EA00E7D804 /* MNetAdAnalyticsLoggingTests.m in Sources */,
				AEA759D11EAF43350071701D /* MNetTestBannerNoAd.m in Sources */,
				AE423F001F6FCF3200EDF1DE /* MNetPrefetchBidsTests.m in Sources */,
				AE33C9021EAE9078003BF9ED /* XCTest+MNetTestUtils.m in Sources */,
				AE5CBE0B1F96887600E6DB37 /* MNetAuctionTests.m in Sources */,
				AE5754CC1F2A16DA00D55E93 /* MNetHttpClientTests.m in Sources */,
				AEDA10291F28779E00A28A6F /* MNetURLTests.m in Sources */,
				AEC914491FEA37D300E58EA5 /* MNetTestChildContentRequests.m in Sources */,
				AE1241051EAE94CC00EED2F4 /* MNetTestBannerIncomplete.m in Sources */,
				AE3F5B021FF391BF00FEBE12 /* MNetDefaultBidsManagerTests.m in Sources */,
				AE37516F1F86425400DB2BA7 /* MNetTpdReusePrefetch.m in Sources */,
				8A4CBFCC1F668B47009CCB02 /* MNetAdViewReuseRepositoryTests.m in Sources */,
				AEFC29831F2B419E004A5F93 /* MNetVideoWithBannerDelegates.m in Sources */,
				AE88978A1F174F82009C60B2 /* MNetSdkConfigTests.m in Sources */,
				AE8864BF1F69B7F400D04C5A /* MNetAdLoaderTests.m in Sources */,
				AE12772F1F5E9C8900450657 /* MNetAppLinkTests.m in Sources */,
				AE5548931F2B10D80087ADD1 /* MNetTestManager.m in Sources */,
				AE37516D1F862FF600DB2BA7 /* MNetTpdBidReuse.m in Sources */,
				AE9EED331F3476D700C00C15 /* MNetUserTests.m in Sources */,
				AEAE57B31EAFCF1A00430540 /* MNetTestAdRequestFormat.m in Sources */,
				8A70D3ED1EB092DA00F4B63E /* MNetTestRewardedVideo.m in Sources */,
				AEA759DD1EAF4CC30071701D /* MNetTestInterstitialNoAd.m in Sources */,
				AE0FBDC71F614AB9003435F7 /* MNetBidStoreTests.m in Sources */,
				AE8C291F1F9F222F005058FB /* MNetAuctionLoggerModelTests.m in Sources */,
				AEA759D71EAF4C640071701D /* MNetTestInterstitialLoad.m in Sources */,
				8A70D3F41EB09A0700F4B63E /* MNetTestInterstitialVideo.m in Sources */,
				AE3751711F865C1B00DB2BA7 /* MNetTpdReusePrefetchTimeout.m in Sources */,
				AEA759DB1EAF4CA60071701D /* MNetTestInterstitialIncomplete.m in Sources */,
				AE86824A1EAE7FCB00C00F28 /* MNetTestBannerSansParent.m in Sources */,
				8AEF2CBE1EAE2E6F00BAE4DE /* MNetVASTParserTest.m in Sources */,
				AE0DFF2F2032CDC000FA23DC /* MNetErrorTests.m in Sources */,
				AE59CD0A1F2B7A5800704798 /* MNetJSONToObjectParserTests.m in Sources */,
				AE75A4951EAE9D8D00B782D5 /* MNetTestBannerLoad.m in Sources */,
				8AE0013E1FE8E4C500D57CA9 /* MNetContextLinkTests.m in Sources */,
			);
			runOnlyForDeploymentPostprocessing = 0;
		};
/* End PBXSourcesBuildPhase section */

/* Begin PBXTargetDependency section */
		6003F5B4195388D20070C39A /* PBXTargetDependency */ = {
			isa = PBXTargetDependency;
			target = 6003F589195388D20070C39A /* MNAdSdk_Example */;
			targetProxy = 6003F5B3195388D20070C39A /* PBXContainerItemProxy */;
		};
/* End PBXTargetDependency section */

/* Begin PBXVariantGroup section */
		6003F596195388D20070C39A /* InfoPlist.strings */ = {
			isa = PBXVariantGroup;
			children = (
				6003F597195388D20070C39A /* en */,
			);
			name = InfoPlist.strings;
			sourceTree = "<group>";
		};
		6003F5B8195388D20070C39A /* InfoPlist.strings */ = {
			isa = PBXVariantGroup;
			children = (
				6003F5B9195388D20070C39A /* en */,
			);
			name = InfoPlist.strings;
			sourceTree = "<group>";
		};
		71719F9D1E33DC2100824A3D /* LaunchScreen.storyboard */ = {
			isa = PBXVariantGroup;
			children = (
				71719F9E1E33DC2100824A3D /* Base */,
			);
			name = LaunchScreen.storyboard;
			sourceTree = "<group>";
		};
/* End PBXVariantGroup section */

/* Begin XCBuildConfiguration section */
		6003F5BD195388D20070C39A /* Debug */ = {
			isa = XCBuildConfiguration;
			buildSettings = {
				ALWAYS_SEARCH_USER_PATHS = NO;
				CLANG_CXX_LANGUAGE_STANDARD = "gnu++0x";
				CLANG_CXX_LIBRARY = "libc++";
				CLANG_ENABLE_MODULES = YES;
				CLANG_ENABLE_OBJC_ARC = YES;
				CLANG_WARN_BOOL_CONVERSION = YES;
				CLANG_WARN_CONSTANT_CONVERSION = YES;
				CLANG_WARN_DIRECT_OBJC_ISA_USAGE = YES_ERROR;
				CLANG_WARN_EMPTY_BODY = YES;
				CLANG_WARN_ENUM_CONVERSION = YES;
				CLANG_WARN_INFINITE_RECURSION = YES;
				CLANG_WARN_INT_CONVERSION = YES;
				CLANG_WARN_OBJC_ROOT_CLASS = YES_ERROR;
				CLANG_WARN_SUSPICIOUS_MOVE = YES;
				CLANG_WARN_UNREACHABLE_CODE = YES;
				CLANG_WARN__DUPLICATE_METHOD_MATCH = YES;
				"CODE_SIGN_IDENTITY[sdk=iphoneos*]" = "iPhone Developer";
				COPY_PHASE_STRIP = NO;
				DISPLAY_NAME = "MNetSdk Staging";
				ENABLE_STRICT_OBJC_MSGSEND = YES;
				ENABLE_TESTABILITY = YES;
				GCC_C_LANGUAGE_STANDARD = gnu99;
				GCC_DYNAMIC_NO_PIC = NO;
				GCC_NO_COMMON_BLOCKS = YES;
				GCC_OPTIMIZATION_LEVEL = 0;
				GCC_PREPROCESSOR_DEFINITIONS = (
					"DEBUG=1",
					"$(inherited)",
				);
				GCC_SYMBOLS_PRIVATE_EXTERN = NO;
				GCC_WARN_64_TO_32_BIT_CONVERSION = YES;
				GCC_WARN_ABOUT_RETURN_TYPE = YES_ERROR;
				GCC_WARN_UNDECLARED_SELECTOR = YES;
				GCC_WARN_UNINITIALIZED_AUTOS = YES_AGGRESSIVE;
				GCC_WARN_UNUSED_FUNCTION = YES;
				GCC_WARN_UNUSED_VARIABLE = YES;
				IPHONEOS_DEPLOYMENT_TARGET = 8.3;
				ONLY_ACTIVE_ARCH = YES;
				SDKROOT = iphoneos;
				TARGETED_DEVICE_FAMILY = "1,2";
			};
			name = Debug;
		};
		6003F5BE195388D20070C39A /* Release */ = {
			isa = XCBuildConfiguration;
			buildSettings = {
				ALWAYS_SEARCH_USER_PATHS = NO;
				CLANG_CXX_LANGUAGE_STANDARD = "gnu++0x";
				CLANG_CXX_LIBRARY = "libc++";
				CLANG_ENABLE_MODULES = YES;
				CLANG_ENABLE_OBJC_ARC = YES;
				CLANG_WARN_BOOL_CONVERSION = YES;
				CLANG_WARN_CONSTANT_CONVERSION = YES;
				CLANG_WARN_DIRECT_OBJC_ISA_USAGE = YES_ERROR;
				CLANG_WARN_EMPTY_BODY = YES;
				CLANG_WARN_ENUM_CONVERSION = YES;
				CLANG_WARN_INFINITE_RECURSION = YES;
				CLANG_WARN_INT_CONVERSION = YES;
				CLANG_WARN_OBJC_ROOT_CLASS = YES_ERROR;
				CLANG_WARN_SUSPICIOUS_MOVE = YES;
				CLANG_WARN_UNREACHABLE_CODE = YES;
				CLANG_WARN__DUPLICATE_METHOD_MATCH = YES;
				"CODE_SIGN_IDENTITY[sdk=iphoneos*]" = "iPhone Developer";
				COPY_PHASE_STRIP = YES;
				DISPLAY_NAME = "MNetSdk Demo";
				ENABLE_NS_ASSERTIONS = NO;
				ENABLE_STRICT_OBJC_MSGSEND = YES;
				GCC_C_LANGUAGE_STANDARD = gnu99;
				GCC_NO_COMMON_BLOCKS = YES;
				GCC_WARN_64_TO_32_BIT_CONVERSION = YES;
				GCC_WARN_ABOUT_RETURN_TYPE = YES_ERROR;
				GCC_WARN_UNDECLARED_SELECTOR = YES;
				GCC_WARN_UNINITIALIZED_AUTOS = YES_AGGRESSIVE;
				GCC_WARN_UNUSED_FUNCTION = YES;
				GCC_WARN_UNUSED_VARIABLE = YES;
				IPHONEOS_DEPLOYMENT_TARGET = 8.3;
				SDKROOT = iphoneos;
				TARGETED_DEVICE_FAMILY = "1,2";
				VALIDATE_PRODUCT = YES;
			};
			name = Release;
		};
		6003F5C0195388D20070C39A /* Debug */ = {
			isa = XCBuildConfiguration;
			baseConfigurationReference = 7A3FF8073DE49C63EF37C1DA /* Pods-MNAdSdk_Example.debug.xcconfig */;
			buildSettings = {
				ASSETCATALOG_COMPILER_APPICON_NAME = AppIcon;
				CLANG_ALLOW_NON_MODULAR_INCLUDES_IN_FRAMEWORK_MODULES = NO;
				CODE_SIGN_ENTITLEMENTS = MNAdSDKDemo.entitlements;
				"CODE_SIGN_IDENTITY[sdk=iphoneos*]" = "iPhone Developer";
				DEVELOPMENT_TEAM = PF48527554;
				FRAMEWORK_SEARCH_PATHS = (
					"$(inherited)",
					"$(PROJECT_DIR)/build/Debug-iphoneos/AFNetworking",
				);
				GCC_PRECOMPILE_PREFIX_HEADER = YES;
				GCC_PREFIX_HEADER = "MNAdSdk/MNAdSdk-Prefix.pch";
				INFOPLIST_FILE = "MNAdSdk/MNAdSdk-Info.plist";
				IPHONEOS_DEPLOYMENT_TARGET = 8.0;
				MODULE_NAME = ExampleApp;
				PRODUCT_BUNDLE_IDENTIFIER = net.media.beta.MNAdSDKDemo;
				PRODUCT_NAME = MNAdSDKDemo;
				WRAPPER_EXTENSION = app;
			};
			name = Debug;
		};
		6003F5C1195388D20070C39A /* Release */ = {
			isa = XCBuildConfiguration;
			baseConfigurationReference = 825309605DB4AFD0FE3E08C2 /* Pods-MNAdSdk_Example.release.xcconfig */;
			buildSettings = {
				ASSETCATALOG_COMPILER_APPICON_NAME = AppIcon;
				CLANG_ALLOW_NON_MODULAR_INCLUDES_IN_FRAMEWORK_MODULES = NO;
				CODE_SIGN_ENTITLEMENTS = MNAdSDKDemo.entitlements;
				"CODE_SIGN_IDENTITY[sdk=iphoneos*]" = "iPhone Developer";
				DEVELOPMENT_TEAM = PF48527554;
				FRAMEWORK_SEARCH_PATHS = (
					"$(inherited)",
					"$(PROJECT_DIR)/build/Debug-iphoneos/AFNetworking",
				);
				GCC_PRECOMPILE_PREFIX_HEADER = YES;
				GCC_PREFIX_HEADER = "MNAdSdk/MNAdSdk-Prefix.pch";
				INFOPLIST_FILE = "MNAdSdk/MNAdSdk-Info.plist";
				IPHONEOS_DEPLOYMENT_TARGET = 8.0;
				MODULE_NAME = ExampleApp;
				PRODUCT_BUNDLE_IDENTIFIER = net.media.beta.MNAdSDKDemo;
				PRODUCT_NAME = MNAdSDKDemo;
				WRAPPER_EXTENSION = app;
			};
			name = Release;
		};
		6003F5C3195388D20070C39A /* Debug */ = {
			isa = XCBuildConfiguration;
			baseConfigurationReference = F790549A7CB496D08280AE0A /* Pods-MNAdSdk_Tests.debug.xcconfig */;
			buildSettings = {
				BUNDLE_LOADER = "$(TEST_HOST)";
				FRAMEWORK_SEARCH_PATHS = (
					"$(SDKROOT)/Developer/Library/Frameworks",
					"$(inherited)",
					"$(DEVELOPER_FRAMEWORKS_DIR)",
					"${PODS_ROOT}/Google-Mobile-Ads-SDK/Frameworks/frameworks",
				);
				GCC_PRECOMPILE_PREFIX_HEADER = YES;
				GCC_PREFIX_HEADER = "Tests/Tests-Prefix.pch";
				GCC_PREPROCESSOR_DEFINITIONS = (
					"DEBUG=1",
					"$(inherited)",
				);
				INFOPLIST_FILE = "Tests/Tests-Info.plist";
				PRODUCT_BUNDLE_IDENTIFIER = "org.cocoapods.demo.${PRODUCT_NAME:rfc1034identifier}";
				PRODUCT_NAME = "$(TARGET_NAME)";
				TEST_HOST = "$(BUILT_PRODUCTS_DIR)/MNAdSDKDemo.app/MNAdSDKDemo";
				WRAPPER_EXTENSION = xctest;
			};
			name = Debug;
		};
		6003F5C4195388D20070C39A /* Release */ = {
			isa = XCBuildConfiguration;
			baseConfigurationReference = 5CF5A95E8555E332C43DF466 /* Pods-MNAdSdk_Tests.release.xcconfig */;
			buildSettings = {
				BUNDLE_LOADER = "$(TEST_HOST)";
				FRAMEWORK_SEARCH_PATHS = (
					"$(SDKROOT)/Developer/Library/Frameworks",
					"$(inherited)",
					"$(DEVELOPER_FRAMEWORKS_DIR)",
				);
				GCC_PRECOMPILE_PREFIX_HEADER = YES;
				GCC_PREFIX_HEADER = "Tests/Tests-Prefix.pch";
				INFOPLIST_FILE = "Tests/Tests-Info.plist";
				PRODUCT_BUNDLE_IDENTIFIER = "org.cocoapods.demo.${PRODUCT_NAME:rfc1034identifier}";
				PRODUCT_NAME = "$(TARGET_NAME)";
				TEST_HOST = "$(BUILT_PRODUCTS_DIR)/MNAdSDKDemo.app/MNAdSDKDemo";
				WRAPPER_EXTENSION = xctest;
			};
			name = Release;
		};
/* End XCBuildConfiguration section */

/* Begin XCConfigurationList section */
		6003F585195388D10070C39A /* Build configuration list for PBXProject "MNAdSdk" */ = {
			isa = XCConfigurationList;
			buildConfigurations = (
				6003F5BD195388D20070C39A /* Debug */,
				6003F5BE195388D20070C39A /* Release */,
			);
			defaultConfigurationIsVisible = 0;
			defaultConfigurationName = Release;
		};
		6003F5BF195388D20070C39A /* Build configuration list for PBXNativeTarget "MNAdSdk_Example" */ = {
			isa = XCConfigurationList;
			buildConfigurations = (
				6003F5C0195388D20070C39A /* Debug */,
				6003F5C1195388D20070C39A /* Release */,
			);
			defaultConfigurationIsVisible = 0;
			defaultConfigurationName = Release;
		};
		6003F5C2195388D20070C39A /* Build configuration list for PBXNativeTarget "MNAdSdk_Tests" */ = {
			isa = XCConfigurationList;
			buildConfigurations = (
				6003F5C3195388D20070C39A /* Debug */,
				6003F5C4195388D20070C39A /* Release */,
			);
			defaultConfigurationIsVisible = 0;
			defaultConfigurationName = Release;
		};
/* End XCConfigurationList section */
	};
	rootObject = 6003F582195388D10070C39A /* Project object */;
}
